
COCOAPODS: 0.16.0

DEPENDENCIES: 
- ParseKit (~> 0.0.2)
- RoutingHTTPServer (~> 0.0.1)

SPEC CHECKSUMS: 
  ParseKit: 4bac1c0eff7a0976ae437fd6cd7aab04c45d5bbd
  CocoaLumberjack: 5b2c6e153a8b251dc4b5cea52138e5c2665e2eca
  CocoaAsyncSocket: 70f5de3c1ba13526c23df75fc98a0ea3049aa19c
  RoutingHTTPServer: 7ed4518302fdbc1c264f9c7ab84d5b22b543e590
  CocoaHTTPServer: 188251009cdf2fb9f422e6979621b8942733cb22

PODS: 
- CocoaAsyncSocket (0.0.1)
- CocoaHTTPServer (2.2.1): 
  - CocoaAsyncSocket (~> 0.0.1)
  - CocoaLumberjack (~> 1.3.0)
- CocoaLumberjack (1.3.3)
- ParseKit (0.0.2)
- RoutingHTTPServer (0.0.1): 
  - CocoaHTTPServer (~> 2.2.1)
