// !$*UTF8*$!
{
	archiveVersion = 1;
	classes = {
	};
	objectVersion = 46;
	objects = {

/* Begin PBXBuildFile section */
		7705AAF21669BB1400ACF87A /* BGNServer.m in Sources */ = {isa = PBXBuildFile; fileRef = 7705AAF11669BB1400ACF87A /* BGNServer.m */; };
		773EC344160EAE8D00DF8624 /* Cocoa.framework in Frameworks */ = {isa = PBXBuildFile; fileRef = 773EC343160EAE8D00DF8624 /* Cocoa.framework */; };
		773EC34E160EAE8D00DF8624 /* InfoPlist.strings in Resources */ = {isa = PBXBuildFile; fileRef = 773EC34C160EAE8D00DF8624 /* InfoPlist.strings */; };
		773EC350160EAE8D00DF8624 /* main.m in Sources */ = {isa = PBXBuildFile; fileRef = 773EC34F160EAE8D00DF8624 /* main.m */; };
		773EC354160EAE8D00DF8624 /* Credits.rtf in Resources */ = {isa = PBXBuildFile; fileRef = 773EC352160EAE8D00DF8624 /* Credits.rtf */; };
		773EC357160EAE8D00DF8624 /* ADLAppDelegate.m in Sources */ = {isa = PBXBuildFile; fileRef = 773EC356160EAE8D00DF8624 /* ADLAppDelegate.m */; };
		773EC35A160EAE8D00DF8624 /* MainMenu.xib in Resources */ = {isa = PBXBuildFile; fileRef = 773EC358160EAE8D00DF8624 /* MainMenu.xib */; };
		773EC368160EB45A00DF8624 /* ADLFileWatcher.m in Sources */ = {isa = PBXBuildFile; fileRef = 773EC367160EB45A00DF8624 /* ADLFileWatcher.m */; };
		773EC36B160EBA6400DF8624 /* ADLViewerWindowController.m in Sources */ = {isa = PBXBuildFile; fileRef = 773EC36A160EBA6400DF8624 /* ADLViewerWindowController.m */; };
		773EC36E160EBCDA00DF8624 /* ADLFileAcceptorView.m in Sources */ = {isa = PBXBuildFile; fileRef = 773EC36D160EBCD900DF8624 /* ADLFileAcceptorView.m */; };
		773EC370160EBDF300DF8624 /* ADLViewerWindowController.xib in Resources */ = {isa = PBXBuildFile; fileRef = 773EC36F160EBDF300DF8624 /* ADLViewerWindowController.xib */; };
		773EC389160EC1ED00DF8624 /* ADLFileAcceptorView.xib in Resources */ = {isa = PBXBuildFile; fileRef = 773EC388160EC1ED00DF8624 /* ADLFileAcceptorView.xib */; };
		773EC38B160EC4BD00DF8624 /* QuartzCore.framework in Frameworks */ = {isa = PBXBuildFile; fileRef = 773EC38A160EC4BD00DF8624 /* QuartzCore.framework */; };
		773EC38E160EC51300DF8624 /* ADLGradientView.m in Sources */ = {isa = PBXBuildFile; fileRef = 773EC38D160EC51300DF8624 /* ADLGradientView.m */; };
		773EC391160F541C00DF8624 /* BGNInterpreter.m in Sources */ = {isa = PBXBuildFile; fileRef = 773EC390160F541C00DF8624 /* BGNInterpreter.m */; };
		773EC3D2161BECA500DF8624 /* BGNParser.m in Sources */ = {isa = PBXBuildFile; fileRef = 773EC3D1161BECA500DF8624 /* BGNParser.m */; };
		773EC3D6161BF53E00DF8624 /* BGNLang.m in Sources */ = {isa = PBXBuildFile; fileRef = 773EC3D5161BF53E00DF8624 /* BGNLang.m */; };
		773EC3D9161BF59C00DF8624 /* BGNParserResult.m in Sources */ = {isa = PBXBuildFile; fileRef = 773EC3D8161BF59C00DF8624 /* BGNParserResult.m */; };
		773EC3E7161D516500DF8624 /* BGNEndOfLineTokenizerState.m in Sources */ = {isa = PBXBuildFile; fileRef = 773EC3E6161D516500DF8624 /* BGNEndOfLineTokenizerState.m */; };
		773EC3ED1620B18700DF8624 /* begonia.grammar in Resources */ = {isa = PBXBuildFile; fileRef = 773EC3EC1620B18700DF8624 /* begonia.grammar */; };
		77BF37801633263A006B5EF4 /* NSObject+BGNConstruction.m in Sources */ = {isa = PBXBuildFile; fileRef = 77BF377F1633263A006B5EF4 /* NSObject+BGNConstruction.m */; };
		77BF378416332796006B5EF4 /* NSMutableArray+BGNStack.m in Sources */ = {isa = PBXBuildFile; fileRef = 77BF378316332796006B5EF4 /* NSMutableArray+BGNStack.m */; };
		77BF378716334A1B006B5EF4 /* NSArray+Functional.m in Sources */ = {isa = PBXBuildFile; fileRef = 77BF378616334A1B006B5EF4 /* NSArray+Functional.m */; };
		77CA9783166006C5007B7F62 /* BGNPatternVisitor.m in Sources */ = {isa = PBXBuildFile; fileRef = 77CA9782166006C5007B7F62 /* BGNPatternVisitor.m */; };
		77CA978E1662BFB3007B7F62 /* BGNCocoaRouter.m in Sources */ = {isa = PBXBuildFile; fileRef = 77CA978D1662BFB3007B7F62 /* BGNCocoaRouter.m */; };
		77D11F8F162E25F0008E2A6E /* BGNPrecedenceParser.m in Sources */ = {isa = PBXBuildFile; fileRef = 77D11F8E162E25F0008E2A6E /* BGNPrecedenceParser.m */; };
		77D4E9C7164ED4D000CA3C65 /* BGNValue.m in Sources */ = {isa = PBXBuildFile; fileRef = 77D4E9C6164ED4D000CA3C65 /* BGNValue.m */; };
		77D4E9CA164F3DE000CA3C65 /* BGNEnvironment.m in Sources */ = {isa = PBXBuildFile; fileRef = 77D4E9C9164F3DE000CA3C65 /* BGNEnvironment.m */; };
		77D4E9CD16508E4700CA3C65 /* BGNTopDeclVisitor.m in Sources */ = {isa = PBXBuildFile; fileRef = 77D4E9CC16508E4700CA3C65 /* BGNTopDeclVisitor.m */; };
		77D4E9FB1658118600CA3C65 /* BGNExpVisitor.m in Sources */ = {isa = PBXBuildFile; fileRef = 77D4E9FA1658118500CA3C65 /* BGNExpVisitor.m */; };
		77D4E9FE16598E4A00CA3C65 /* BGNPrimops.m in Sources */ = {isa = PBXBuildFile; fileRef = 77D4E9FD16598E4A00CA3C65 /* BGNPrimops.m */; };
		77D4EA01165DCE6800CA3C65 /* BGNPrelude.m in Sources */ = {isa = PBXBuildFile; fileRef = 77D4EA00165DCE6800CA3C65 /* BGNPrelude.m */; };
		77EE6A9A164738880088C1F5 /* BGNModuleManager.m in Sources */ = {isa = PBXBuildFile; fileRef = 77EE6A99164738880088C1F5 /* BGNModuleManager.m */; };
		BDCAB08E5BF243A4B39342A5 /* libPods.a in Frameworks */ = {isa = PBXBuildFile; fileRef = 7F7F98A2839141F3A9137BE6 /* libPods.a */; };
/* End PBXBuildFile section */

/* Begin PBXFileReference section */
		7705AAF01669BB1400ACF87A /* BGNServer.h */ = {isa = PBXFileReference; fileEncoding = 4; lastKnownFileType = sourcecode.c.h; path = BGNServer.h; sourceTree = "<group>"; };
		7705AAF11669BB1400ACF87A /* BGNServer.m */ = {isa = PBXFileReference; fileEncoding = 4; lastKnownFileType = sourcecode.c.objc; path = BGNServer.m; sourceTree = "<group>"; };
		773EC33F160EAE8D00DF8624 /* Begonia.app */ = {isa = PBXFileReference; explicitFileType = wrapper.application; includeInIndex = 0; path = Begonia.app; sourceTree = BUILT_PRODUCTS_DIR; };
		773EC343160EAE8D00DF8624 /* Cocoa.framework */ = {isa = PBXFileReference; includeInIndex = 1; lastKnownFileType = wrapper.framework; name = Cocoa.framework; path = System/Library/Frameworks/Cocoa.framework; sourceTree = SDKROOT; };
		773EC346160EAE8D00DF8624 /* AppKit.framework */ = {isa = PBXFileReference; lastKnownFileType = wrapper.framework; name = AppKit.framework; path = System/Library/Frameworks/AppKit.framework; sourceTree = SDKROOT; };
		773EC347160EAE8D00DF8624 /* CoreData.framework */ = {isa = PBXFileReference; lastKnownFileType = wrapper.framework; name = CoreData.framework; path = System/Library/Frameworks/CoreData.framework; sourceTree = SDKROOT; };
		773EC348160EAE8D00DF8624 /* Foundation.framework */ = {isa = PBXFileReference; lastKnownFileType = wrapper.framework; name = Foundation.framework; path = System/Library/Frameworks/Foundation.framework; sourceTree = SDKROOT; };
		773EC34B160EAE8D00DF8624 /* Begonia-Info.plist */ = {isa = PBXFileReference; lastKnownFileType = text.plist.xml; path = "Begonia-Info.plist"; sourceTree = "<group>"; };
		773EC34D160EAE8D00DF8624 /* en */ = {isa = PBXFileReference; lastKnownFileType = text.plist.strings; name = en; path = en.lproj/InfoPlist.strings; sourceTree = "<group>"; };
		773EC34F160EAE8D00DF8624 /* main.m */ = {isa = PBXFileReference; lastKnownFileType = sourcecode.c.objc; path = main.m; sourceTree = "<group>"; };
		773EC351160EAE8D00DF8624 /* Begonia-Prefix.pch */ = {isa = PBXFileReference; lastKnownFileType = sourcecode.c.h; path = "Begonia-Prefix.pch"; sourceTree = "<group>"; };
		773EC353160EAE8D00DF8624 /* en */ = {isa = PBXFileReference; lastKnownFileType = text.rtf; name = en; path = en.lproj/Credits.rtf; sourceTree = "<group>"; };
		773EC355160EAE8D00DF8624 /* ADLAppDelegate.h */ = {isa = PBXFileReference; lastKnownFileType = sourcecode.c.h; path = ADLAppDelegate.h; sourceTree = "<group>"; };
		773EC356160EAE8D00DF8624 /* ADLAppDelegate.m */ = {isa = PBXFileReference; lastKnownFileType = sourcecode.c.objc; path = ADLAppDelegate.m; sourceTree = "<group>"; };
		773EC359160EAE8D00DF8624 /* en */ = {isa = PBXFileReference; lastKnownFileType = file.xib; name = en; path = en.lproj/MainMenu.xib; sourceTree = "<group>"; };
		773EC366160EB45A00DF8624 /* ADLFileWatcher.h */ = {isa = PBXFileReference; fileEncoding = 4; lastKnownFileType = sourcecode.c.h; path = ADLFileWatcher.h; sourceTree = "<group>"; };
		773EC367160EB45A00DF8624 /* ADLFileWatcher.m */ = {isa = PBXFileReference; fileEncoding = 4; lastKnownFileType = sourcecode.c.objc; path = ADLFileWatcher.m; sourceTree = "<group>"; };
		773EC369160EBA6400DF8624 /* ADLViewerWindowController.h */ = {isa = PBXFileReference; fileEncoding = 4; lastKnownFileType = sourcecode.c.h; path = ADLViewerWindowController.h; sourceTree = "<group>"; };
		773EC36A160EBA6400DF8624 /* ADLViewerWindowController.m */ = {isa = PBXFileReference; fileEncoding = 4; lastKnownFileType = sourcecode.c.objc; path = ADLViewerWindowController.m; sourceTree = "<group>"; };
		773EC36C160EBCD900DF8624 /* ADLFileAcceptorView.h */ = {isa = PBXFileReference; fileEncoding = 4; lastKnownFileType = sourcecode.c.h; path = ADLFileAcceptorView.h; sourceTree = "<group>"; };
		773EC36D160EBCD900DF8624 /* ADLFileAcceptorView.m */ = {isa = PBXFileReference; fileEncoding = 4; lastKnownFileType = sourcecode.c.objc; path = ADLFileAcceptorView.m; sourceTree = "<group>"; };
		773EC36F160EBDF300DF8624 /* ADLViewerWindowController.xib */ = {isa = PBXFileReference; fileEncoding = 4; lastKnownFileType = file.xib; path = ADLViewerWindowController.xib; sourceTree = "<group>"; };
		773EC388160EC1ED00DF8624 /* ADLFileAcceptorView.xib */ = {isa = PBXFileReference; fileEncoding = 4; lastKnownFileType = file.xib; path = ADLFileAcceptorView.xib; sourceTree = "<group>"; };
		773EC38A160EC4BD00DF8624 /* QuartzCore.framework */ = {isa = PBXFileReference; includeInIndex = 1; lastKnownFileType = wrapper.framework; name = QuartzCore.framework; path = System/Library/Frameworks/QuartzCore.framework; sourceTree = SDKROOT; };
		773EC38C160EC51300DF8624 /* ADLGradientView.h */ = {isa = PBXFileReference; fileEncoding = 4; lastKnownFileType = sourcecode.c.h; path = ADLGradientView.h; sourceTree = "<group>"; };
		773EC38D160EC51300DF8624 /* ADLGradientView.m */ = {isa = PBXFileReference; fileEncoding = 4; lastKnownFileType = sourcecode.c.objc; path = ADLGradientView.m; sourceTree = "<group>"; };
		773EC38F160F541C00DF8624 /* BGNInterpreter.h */ = {isa = PBXFileReference; fileEncoding = 4; lastKnownFileType = sourcecode.c.h; path = BGNInterpreter.h; sourceTree = "<group>"; };
		773EC390160F541C00DF8624 /* BGNInterpreter.m */ = {isa = PBXFileReference; fileEncoding = 4; lastKnownFileType = sourcecode.c.objc; path = BGNInterpreter.m; sourceTree = "<group>"; };
		773EC3D0161BECA500DF8624 /* BGNParser.h */ = {isa = PBXFileReference; fileEncoding = 4; lastKnownFileType = sourcecode.c.h; path = BGNParser.h; sourceTree = "<group>"; };
		773EC3D1161BECA500DF8624 /* BGNParser.m */ = {isa = PBXFileReference; fileEncoding = 4; lastKnownFileType = sourcecode.c.objc; path = BGNParser.m; sourceTree = "<group>"; };
		773EC3D4161BF53E00DF8624 /* BGNLang.h */ = {isa = PBXFileReference; fileEncoding = 4; lastKnownFileType = sourcecode.c.h; path = BGNLang.h; sourceTree = "<group>"; };
		773EC3D5161BF53E00DF8624 /* BGNLang.m */ = {isa = PBXFileReference; fileEncoding = 4; lastKnownFileType = sourcecode.c.objc; path = BGNLang.m; sourceTree = "<group>"; };
		773EC3D7161BF59C00DF8624 /* BGNParserResult.h */ = {isa = PBXFileReference; fileEncoding = 4; lastKnownFileType = sourcecode.c.h; path = BGNParserResult.h; sourceTree = "<group>"; };
		773EC3D8161BF59C00DF8624 /* BGNParserResult.m */ = {isa = PBXFileReference; fileEncoding = 4; lastKnownFileType = sourcecode.c.objc; path = BGNParserResult.m; sourceTree = "<group>"; };
		773EC3E5161D516500DF8624 /* BGNEndOfLineTokenizerState.h */ = {isa = PBXFileReference; fileEncoding = 4; lastKnownFileType = sourcecode.c.h; path = BGNEndOfLineTokenizerState.h; sourceTree = "<group>"; };
		773EC3E6161D516500DF8624 /* BGNEndOfLineTokenizerState.m */ = {isa = PBXFileReference; fileEncoding = 4; lastKnownFileType = sourcecode.c.objc; path = BGNEndOfLineTokenizerState.m; sourceTree = "<group>"; };
		773EC3EC1620B18700DF8624 /* begonia.grammar */ = {isa = PBXFileReference; fileEncoding = 4; lastKnownFileType = text; path = begonia.grammar; sourceTree = SOURCE_ROOT; };
		77BF377E1633263A006B5EF4 /* NSObject+BGNConstruction.h */ = {isa = PBXFileReference; fileEncoding = 4; lastKnownFileType = sourcecode.c.h; path = "NSObject+BGNConstruction.h"; sourceTree = "<group>"; };
		77BF377F1633263A006B5EF4 /* NSObject+BGNConstruction.m */ = {isa = PBXFileReference; fileEncoding = 4; lastKnownFileType = sourcecode.c.objc; path = "NSObject+BGNConstruction.m"; sourceTree = "<group>"; };
		77BF378216332796006B5EF4 /* NSMutableArray+BGNStack.h */ = {isa = PBXFileReference; fileEncoding = 4; lastKnownFileType = sourcecode.c.h; path = "NSMutableArray+BGNStack.h"; sourceTree = "<group>"; };
		77BF378316332796006B5EF4 /* NSMutableArray+BGNStack.m */ = {isa = PBXFileReference; fileEncoding = 4; lastKnownFileType = sourcecode.c.objc; path = "NSMutableArray+BGNStack.m"; sourceTree = "<group>"; };
		77BF378516334A1B006B5EF4 /* NSArray+Functional.h */ = {isa = PBXFileReference; fileEncoding = 4; lastKnownFileType = sourcecode.c.h; path = "NSArray+Functional.h"; sourceTree = "<group>"; };
		77BF378616334A1B006B5EF4 /* NSArray+Functional.m */ = {isa = PBXFileReference; fileEncoding = 4; lastKnownFileType = sourcecode.c.objc; path = "NSArray+Functional.m"; sourceTree = "<group>"; };
		77CA9781166006C5007B7F62 /* BGNPatternVisitor.h */ = {isa = PBXFileReference; fileEncoding = 4; lastKnownFileType = sourcecode.c.h; path = BGNPatternVisitor.h; sourceTree = "<group>"; };
		77CA9782166006C5007B7F62 /* BGNPatternVisitor.m */ = {isa = PBXFileReference; fileEncoding = 4; lastKnownFileType = sourcecode.c.objc; path = BGNPatternVisitor.m; sourceTree = "<group>"; };
		77CA978C1662BFB3007B7F62 /* BGNCocoaRouter.h */ = {isa = PBXFileReference; fileEncoding = 4; lastKnownFileType = sourcecode.c.h; path = BGNCocoaRouter.h; sourceTree = "<group>"; };
		77CA978D1662BFB3007B7F62 /* BGNCocoaRouter.m */ = {isa = PBXFileReference; fileEncoding = 4; lastKnownFileType = sourcecode.c.objc; path = BGNCocoaRouter.m; sourceTree = "<group>"; };
		77D11F8D162E25F0008E2A6E /* BGNPrecedenceParser.h */ = {isa = PBXFileReference; fileEncoding = 4; lastKnownFileType = sourcecode.c.h; path = BGNPrecedenceParser.h; sourceTree = "<group>"; };
		77D11F8E162E25F0008E2A6E /* BGNPrecedenceParser.m */ = {isa = PBXFileReference; fileEncoding = 4; lastKnownFileType = sourcecode.c.objc; path = BGNPrecedenceParser.m; sourceTree = "<group>"; };
		77D4E9C5164ED4D000CA3C65 /* BGNValue.h */ = {isa = PBXFileReference; fileEncoding = 4; lastKnownFileType = sourcecode.c.h; path = BGNValue.h; sourceTree = "<group>"; };
		77D4E9C6164ED4D000CA3C65 /* BGNValue.m */ = {isa = PBXFileReference; fileEncoding = 4; lastKnownFileType = sourcecode.c.objc; path = BGNValue.m; sourceTree = "<group>"; };
		77D4E9C8164F3DE000CA3C65 /* BGNEnvironment.h */ = {isa = PBXFileReference; fileEncoding = 4; lastKnownFileType = sourcecode.c.h; path = BGNEnvironment.h; sourceTree = "<group>"; };
		77D4E9C9164F3DE000CA3C65 /* BGNEnvironment.m */ = {isa = PBXFileReference; fileEncoding = 4; lastKnownFileType = sourcecode.c.objc; path = BGNEnvironment.m; sourceTree = "<group>"; };
		77D4E9CB16508E4700CA3C65 /* BGNTopDeclVisitor.h */ = {isa = PBXFileReference; fileEncoding = 4; lastKnownFileType = sourcecode.c.h; path = BGNTopDeclVisitor.h; sourceTree = "<group>"; };
		77D4E9CC16508E4700CA3C65 /* BGNTopDeclVisitor.m */ = {isa = PBXFileReference; fileEncoding = 4; lastKnownFileType = sourcecode.c.objc; path = BGNTopDeclVisitor.m; sourceTree = "<group>"; };
		77D4E9F91658118500CA3C65 /* BGNExpVisitor.h */ = {isa = PBXFileReference; fileEncoding = 4; lastKnownFileType = sourcecode.c.h; path = BGNExpVisitor.h; sourceTree = "<group>"; };
		77D4E9FA1658118500CA3C65 /* BGNExpVisitor.m */ = {isa = PBXFileReference; fileEncoding = 4; lastKnownFileType = sourcecode.c.objc; path = BGNExpVisitor.m; sourceTree = "<group>"; };
		77D4E9FC16598E4900CA3C65 /* BGNPrimops.h */ = {isa = PBXFileReference; fileEncoding = 4; lastKnownFileType = sourcecode.c.h; path = BGNPrimops.h; sourceTree = "<group>"; };
		77D4E9FD16598E4A00CA3C65 /* BGNPrimops.m */ = {isa = PBXFileReference; fileEncoding = 4; lastKnownFileType = sourcecode.c.objc; path = BGNPrimops.m; sourceTree = "<group>"; };
		77D4E9FF165DCE6700CA3C65 /* BGNPrelude.h */ = {isa = PBXFileReference; fileEncoding = 4; lastKnownFileType = sourcecode.c.h; path = BGNPrelude.h; sourceTree = "<group>"; };
		77D4EA00165DCE6800CA3C65 /* BGNPrelude.m */ = {isa = PBXFileReference; fileEncoding = 4; lastKnownFileType = sourcecode.c.objc; path = BGNPrelude.m; sourceTree = "<group>"; };
		77EE6A98164738880088C1F5 /* BGNModuleManager.h */ = {isa = PBXFileReference; fileEncoding = 4; lastKnownFileType = sourcecode.c.h; path = BGNModuleManager.h; sourceTree = "<group>"; };
		77EE6A99164738880088C1F5 /* BGNModuleManager.m */ = {isa = PBXFileReference; fileEncoding = 4; lastKnownFileType = sourcecode.c.objc; path = BGNModuleManager.m; sourceTree = "<group>"; };
		7F7F98A2839141F3A9137BE6 /* libPods.a */ = {isa = PBXFileReference; explicitFileType = archive.ar; includeInIndex = 0; path = libPods.a; sourceTree = BUILT_PRODUCTS_DIR; };
		DB1E54DE29BB4536B3849353 /* libPods.a */ = {isa = PBXFileReference; explicitFileType = archive.ar; includeInIndex = 0; path = libPods.a; sourceTree = BUILT_PRODUCTS_DIR; };
		DD9B61116D894D3887D364CF /* Pods.xcconfig */ = {isa = PBXFileReference; includeInIndex = 1; lastKnownFileType = text.xcconfig; name = Pods.xcconfig; path = Pods/Pods.xcconfig; sourceTree = SOURCE_ROOT; };
/* End PBXFileReference section */

/* Begin PBXFrameworksBuildPhase section */
		773EC33C160EAE8D00DF8624 /* Frameworks */ = {
			isa = PBXFrameworksBuildPhase;
			buildActionMask = 2147483647;
			files = (
				773EC38B160EC4BD00DF8624 /* QuartzCore.framework in Frameworks */,
				773EC344160EAE8D00DF8624 /* Cocoa.framework in Frameworks */,
				BDCAB08E5BF243A4B39342A5 /* libPods.a in Frameworks */,
			);
			runOnlyForDeploymentPostprocessing = 0;
		};
/* End PBXFrameworksBuildPhase section */

/* Begin PBXGroup section */
		7705AAF41669BB1800ACF87A /* Server */ = {
			isa = PBXGroup;
			children = (
				7705AAF01669BB1400ACF87A /* BGNServer.h */,
				7705AAF11669BB1400ACF87A /* BGNServer.m */,
			);
			name = Server;
			sourceTree = "<group>";
		};
		773EC334160EAE8D00DF8624 = {
			isa = PBXGroup;
			children = (
				773EC349160EAE8D00DF8624 /* Begonia */,
				773EC342160EAE8D00DF8624 /* Frameworks */,
				773EC340160EAE8D00DF8624 /* Products */,
				DD9B61116D894D3887D364CF /* Pods.xcconfig */,
			);
			sourceTree = "<group>";
		};
		773EC340160EAE8D00DF8624 /* Products */ = {
			isa = PBXGroup;
			children = (
				773EC33F160EAE8D00DF8624 /* Begonia.app */,
			);
			name = Products;
			sourceTree = "<group>";
		};
		773EC342160EAE8D00DF8624 /* Frameworks */ = {
			isa = PBXGroup;
			children = (
				773EC38A160EC4BD00DF8624 /* QuartzCore.framework */,
				773EC343160EAE8D00DF8624 /* Cocoa.framework */,
				773EC345160EAE8D00DF8624 /* Other Frameworks */,
				DB1E54DE29BB4536B3849353 /* libPods.a */,
				7F7F98A2839141F3A9137BE6 /* libPods.a */,
			);
			name = Frameworks;
			sourceTree = "<group>";
		};
		773EC345160EAE8D00DF8624 /* Other Frameworks */ = {
			isa = PBXGroup;
			children = (
				773EC346160EAE8D00DF8624 /* AppKit.framework */,
				773EC347160EAE8D00DF8624 /* CoreData.framework */,
				773EC348160EAE8D00DF8624 /* Foundation.framework */,
			);
			name = "Other Frameworks";
			sourceTree = "<group>";
		};
		773EC349160EAE8D00DF8624 /* Begonia */ = {
			isa = PBXGroup;
			children = (
				77BF378816334A20006B5EF4 /* Foundation Additions */,
				773EC369160EBA6400DF8624 /* ADLViewerWindowController.h */,
				773EC36A160EBA6400DF8624 /* ADLViewerWindowController.m */,
				7705AAF41669BB1800ACF87A /* Server */,
				773EC392160F542000DF8624 /* Lang */,
				773EC355160EAE8D00DF8624 /* ADLAppDelegate.h */,
				773EC356160EAE8D00DF8624 /* ADLAppDelegate.m */,
				773EC38C160EC51300DF8624 /* ADLGradientView.h */,
				773EC38D160EC51300DF8624 /* ADLGradientView.m */,
				773EC36C160EBCD900DF8624 /* ADLFileAcceptorView.h */,
				773EC36D160EBCD900DF8624 /* ADLFileAcceptorView.m */,
				773EC366160EB45A00DF8624 /* ADLFileWatcher.h */,
				773EC367160EB45A00DF8624 /* ADLFileWatcher.m */,
				773EC358160EAE8D00DF8624 /* MainMenu.xib */,
				773EC388160EC1ED00DF8624 /* ADLFileAcceptorView.xib */,
				773EC36F160EBDF300DF8624 /* ADLViewerWindowController.xib */,
				773EC34A160EAE8D00DF8624 /* Supporting Files */,
			);
			path = Begonia;
			sourceTree = "<group>";
		};
		773EC34A160EAE8D00DF8624 /* Supporting Files */ = {
			isa = PBXGroup;
			children = (
				773EC34B160EAE8D00DF8624 /* Begonia-Info.plist */,
				773EC34C160EAE8D00DF8624 /* InfoPlist.strings */,
				773EC34F160EAE8D00DF8624 /* main.m */,
				773EC351160EAE8D00DF8624 /* Begonia-Prefix.pch */,
				773EC352160EAE8D00DF8624 /* Credits.rtf */,
			);
			name = "Supporting Files";
			sourceTree = "<group>";
		};
		773EC392160F542000DF8624 /* Lang */ = {
			isa = PBXGroup;
			children = (
				77CA978C1662BFB3007B7F62 /* BGNCocoaRouter.h */,
				77CA978D1662BFB3007B7F62 /* BGNCocoaRouter.m */,
				77CA9781166006C5007B7F62 /* BGNPatternVisitor.h */,
				77CA9782166006C5007B7F62 /* BGNPatternVisitor.m */,
				77D4E9FF165DCE6700CA3C65 /* BGNPrelude.h */,
				77D4EA00165DCE6800CA3C65 /* BGNPrelude.m */,
				77D4E9FC16598E4900CA3C65 /* BGNPrimops.h */,
				77D4E9FD16598E4A00CA3C65 /* BGNPrimops.m */,
				77D4E9F91658118500CA3C65 /* BGNExpVisitor.h */,
				77D4E9FA1658118500CA3C65 /* BGNExpVisitor.m */,
				77D4E9CB16508E4700CA3C65 /* BGNTopDeclVisitor.h */,
				77D4E9CC16508E4700CA3C65 /* BGNTopDeclVisitor.m */,
				77D4E9C8164F3DE000CA3C65 /* BGNEnvironment.h */,
				77D4E9C9164F3DE000CA3C65 /* BGNEnvironment.m */,
				77D4E9C5164ED4D000CA3C65 /* BGNValue.h */,
				77D4E9C6164ED4D000CA3C65 /* BGNValue.m */,
				77D11F8D162E25F0008E2A6E /* BGNPrecedenceParser.h */,
				77D11F8E162E25F0008E2A6E /* BGNPrecedenceParser.m */,
				773EC3EC1620B18700DF8624 /* begonia.grammar */,
				773EC3E5161D516500DF8624 /* BGNEndOfLineTokenizerState.h */,
				773EC3E6161D516500DF8624 /* BGNEndOfLineTokenizerState.m */,
				773EC3D0161BECA500DF8624 /* BGNParser.h */,
				773EC3D1161BECA500DF8624 /* BGNParser.m */,
				773EC3D7161BF59C00DF8624 /* BGNParserResult.h */,
				773EC3D8161BF59C00DF8624 /* BGNParserResult.m */,
				773EC3D4161BF53E00DF8624 /* BGNLang.h */,
				773EC3D5161BF53E00DF8624 /* BGNLang.m */,
				773EC38F160F541C00DF8624 /* BGNInterpreter.h */,
				773EC390160F541C00DF8624 /* BGNInterpreter.m */,
				77EE6A98164738880088C1F5 /* BGNModuleManager.h */,
				77EE6A99164738880088C1F5 /* BGNModuleManager.m */,
			);
			name = Lang;
			sourceTree = "<group>";
		};
		77BF378816334A20006B5EF4 /* Foundation Additions */ = {
			isa = PBXGroup;
			children = (
				77BF377E1633263A006B5EF4 /* NSObject+BGNConstruction.h */,
				77BF377F1633263A006B5EF4 /* NSObject+BGNConstruction.m */,
				77BF378216332796006B5EF4 /* NSMutableArray+BGNStack.h */,
				77BF378316332796006B5EF4 /* NSMutableArray+BGNStack.m */,
				77BF378516334A1B006B5EF4 /* NSArray+Functional.h */,
				77BF378616334A1B006B5EF4 /* NSArray+Functional.m */,
			);
			name = "Foundation Additions";
			sourceTree = "<group>";
		};
/* End PBXGroup section */

/* Begin PBXNativeTarget section */
		773EC33E160EAE8D00DF8624 /* Begonia */ = {
			isa = PBXNativeTarget;
			buildConfigurationList = 773EC35D160EAE8D00DF8624 /* Build configuration list for PBXNativeTarget "Begonia" */;
			buildPhases = (
				773EC33B160EAE8D00DF8624 /* Sources */,
				773EC33C160EAE8D00DF8624 /* Frameworks */,
				773EC33D160EAE8D00DF8624 /* Resources */,
				72FBA8096C06473F85849F40 /* Copy Pods Resources */,
			);
			buildRules = (
			);
			dependencies = (
			);
			name = Begonia;
			productName = Begonia;
			productReference = 773EC33F160EAE8D00DF8624 /* Begonia.app */;
			productType = "com.apple.product-type.application";
		};
/* End PBXNativeTarget section */

/* Begin PBXProject section */
		773EC336160EAE8D00DF8624 /* Project object */ = {
			isa = PBXProject;
			attributes = {
				CLASSPREFIX = ADL;
				LastUpgradeCheck = 0450;
				ORGANIZATIONNAME = "Akiva Leffert";
			};
			buildConfigurationList = 773EC339160EAE8D00DF8624 /* Build configuration list for PBXProject "Begonia" */;
			compatibilityVersion = "Xcode 3.2";
			developmentRegion = English;
			hasScannedForEncodings = 0;
			knownRegions = (
				en,
			);
			mainGroup = 773EC334160EAE8D00DF8624;
			productRefGroup = 773EC340160EAE8D00DF8624 /* Products */;
			projectDirPath = "";
			projectRoot = "";
			targets = (
				773EC33E160EAE8D00DF8624 /* Begonia */,
			);
		};
/* End PBXProject section */

/* Begin PBXResourcesBuildPhase section */
		773EC33D160EAE8D00DF8624 /* Resources */ = {
			isa = PBXResourcesBuildPhase;
			buildActionMask = 2147483647;
			files = (
				773EC34E160EAE8D00DF8624 /* InfoPlist.strings in Resources */,
				773EC354160EAE8D00DF8624 /* Credits.rtf in Resources */,
				773EC35A160EAE8D00DF8624 /* MainMenu.xib in Resources */,
				773EC370160EBDF300DF8624 /* ADLViewerWindowController.xib in Resources */,
				773EC389160EC1ED00DF8624 /* ADLFileAcceptorView.xib in Resources */,
				773EC3ED1620B18700DF8624 /* begonia.grammar in Resources */,
			);
			runOnlyForDeploymentPostprocessing = 0;
		};
/* End PBXResourcesBuildPhase section */

/* Begin PBXShellScriptBuildPhase section */
		72FBA8096C06473F85849F40 /* Copy Pods Resources */ = {
			isa = PBXShellScriptBuildPhase;
			buildActionMask = 2147483647;
			files = (
			);
			inputPaths = (
			);
			name = "Copy Pods Resources";
			outputPaths = (
			);
			runOnlyForDeploymentPostprocessing = 0;
			shellPath = /bin/sh;
			shellScript = "\"${SRCROOT}/Pods/Pods-resources.sh\"\n";
		};
/* End PBXShellScriptBuildPhase section */

/* Begin PBXSourcesBuildPhase section */
		773EC33B160EAE8D00DF8624 /* Sources */ = {
			isa = PBXSourcesBuildPhase;
			buildActionMask = 2147483647;
			files = (
				773EC350160EAE8D00DF8624 /* main.m in Sources */,
				773EC357160EAE8D00DF8624 /* ADLAppDelegate.m in Sources */,
				773EC368160EB45A00DF8624 /* ADLFileWatcher.m in Sources */,
				773EC36B160EBA6400DF8624 /* ADLViewerWindowController.m in Sources */,
				773EC36E160EBCDA00DF8624 /* ADLFileAcceptorView.m in Sources */,
				773EC38E160EC51300DF8624 /* ADLGradientView.m in Sources */,
				773EC391160F541C00DF8624 /* BGNInterpreter.m in Sources */,
				773EC3D2161BECA500DF8624 /* BGNParser.m in Sources */,
				773EC3D6161BF53E00DF8624 /* BGNLang.m in Sources */,
				773EC3D9161BF59C00DF8624 /* BGNParserResult.m in Sources */,
				773EC3E7161D516500DF8624 /* BGNEndOfLineTokenizerState.m in Sources */,
				77D11F8F162E25F0008E2A6E /* BGNPrecedenceParser.m in Sources */,
				77BF37801633263A006B5EF4 /* NSObject+BGNConstruction.m in Sources */,
				77BF378416332796006B5EF4 /* NSMutableArray+BGNStack.m in Sources */,
				77BF378716334A1B006B5EF4 /* NSArray+Functional.m in Sources */,
				77EE6A9A164738880088C1F5 /* BGNModuleManager.m in Sources */,
				77D4E9C7164ED4D000CA3C65 /* BGNValue.m in Sources */,
				77D4E9CA164F3DE000CA3C65 /* BGNEnvironment.m in Sources */,
				77D4E9CD16508E4700CA3C65 /* BGNTopDeclVisitor.m in Sources */,
				77D4E9FB1658118600CA3C65 /* BGNExpVisitor.m in Sources */,
				77D4E9FE16598E4A00CA3C65 /* BGNPrimops.m in Sources */,
				77D4EA01165DCE6800CA3C65 /* BGNPrelude.m in Sources */,
				77CA9783166006C5007B7F62 /* BGNPatternVisitor.m in Sources */,
				77CA978E1662BFB3007B7F62 /* BGNCocoaRouter.m in Sources */,
				7705AAF21669BB1400ACF87A /* BGNServer.m in Sources */,
			);
			runOnlyForDeploymentPostprocessing = 0;
		};
/* End PBXSourcesBuildPhase section */

/* Begin PBXVariantGroup section */
		773EC34C160EAE8D00DF8624 /* InfoPlist.strings */ = {
			isa = PBXVariantGroup;
			children = (
				773EC34D160EAE8D00DF8624 /* en */,
			);
			name = InfoPlist.strings;
			sourceTree = "<group>";
		};
		773EC352160EAE8D00DF8624 /* Credits.rtf */ = {
			isa = PBXVariantGroup;
			children = (
				773EC353160EAE8D00DF8624 /* en */,
			);
			name = Credits.rtf;
			sourceTree = "<group>";
		};
		773EC358160EAE8D00DF8624 /* MainMenu.xib */ = {
			isa = PBXVariantGroup;
			children = (
				773EC359160EAE8D00DF8624 /* en */,
			);
			name = MainMenu.xib;
			sourceTree = "<group>";
		};
/* End PBXVariantGroup section */

/* Begin XCBuildConfiguration section */
		773EC35B160EAE8D00DF8624 /* Debug */ = {
			isa = XCBuildConfiguration;
			buildSettings = {
				ALWAYS_SEARCH_USER_PATHS = NO;
				ARCHS = "$(ARCHS_STANDARD_64_BIT)";
				CLANG_CXX_LANGUAGE_STANDARD = "gnu++0x";
				CLANG_CXX_LIBRARY = "libc++";
				CLANG_ENABLE_OBJC_ARC = YES;
				CLANG_WARN_EMPTY_BODY = YES;
				CLANG_WARN__DUPLICATE_METHOD_MATCH = YES;
				COPY_PHASE_STRIP = NO;
				GCC_C_LANGUAGE_STANDARD = gnu99;
				GCC_DYNAMIC_NO_PIC = NO;
				GCC_ENABLE_OBJC_EXCEPTIONS = YES;
				GCC_OPTIMIZATION_LEVEL = 0;
				GCC_PREPROCESSOR_DEFINITIONS = (
					"DEBUG=1",
					"$(inherited)",
				);
				GCC_SYMBOLS_PRIVATE_EXTERN = NO;
				GCC_WARN_64_TO_32_BIT_CONVERSION = YES;
				GCC_WARN_ABOUT_RETURN_TYPE = YES;
				GCC_WARN_UNINITIALIZED_AUTOS = YES;
				GCC_WARN_UNUSED_VARIABLE = YES;
				MACOSX_DEPLOYMENT_TARGET = 10.8;
				ONLY_ACTIVE_ARCH = YES;
				SDKROOT = macosx;
			};
			name = Debug;
		};
		773EC35C160EAE8D00DF8624 /* Release */ = {
			isa = XCBuildConfiguration;
			buildSettings = {
				ALWAYS_SEARCH_USER_PATHS = NO;
				ARCHS = "$(ARCHS_STANDARD_64_BIT)";
				CLANG_CXX_LANGUAGE_STANDARD = "gnu++0x";
				CLANG_CXX_LIBRARY = "libc++";
				CLANG_ENABLE_OBJC_ARC = YES;
				CLANG_WARN_EMPTY_BODY = YES;
				CLANG_WARN__DUPLICATE_METHOD_MATCH = YES;
				COPY_PHASE_STRIP = YES;
				DEBUG_INFORMATION_FORMAT = "dwarf-with-dsym";
				GCC_C_LANGUAGE_STANDARD = gnu99;
				GCC_ENABLE_OBJC_EXCEPTIONS = YES;
				GCC_WARN_64_TO_32_BIT_CONVERSION = YES;
				GCC_WARN_ABOUT_RETURN_TYPE = YES;
				GCC_WARN_UNINITIALIZED_AUTOS = YES;
				GCC_WARN_UNUSED_VARIABLE = YES;
				MACOSX_DEPLOYMENT_TARGET = 10.8;
				SDKROOT = macosx;
			};
			name = Release;
		};
		773EC35E160EAE8D00DF8624 /* Debug */ = {
			isa = XCBuildConfiguration;
			baseConfigurationReference = DD9B61116D894D3887D364CF /* Pods.xcconfig */;
			buildSettings = {
				CLANG_ANALYZER_SECURITY_FLOATLOOPCOUNTER = YES;
				COMBINE_HIDPI_IMAGES = YES;
				GCC_PRECOMPILE_PREFIX_HEADER = YES;
				GCC_PREFIX_HEADER = "Begonia/Begonia-Prefix.pch";
				GCC_TREAT_WARNINGS_AS_ERRORS = YES;
				GCC_WARN_PEDANTIC = YES;
				INFOPLIST_FILE = "Begonia/Begonia-Info.plist";
				PRODUCT_NAME = "$(TARGET_NAME)";
				RUN_CLANG_STATIC_ANALYZER = YES;
				WRAPPER_EXTENSION = app;
			};
			name = Debug;
		};
		773EC35F160EAE8D00DF8624 /* Release */ = {
			isa = XCBuildConfiguration;
			baseConfigurationReference = DD9B61116D894D3887D364CF /* Pods.xcconfig */;
			buildSettings = {
				CLANG_ANALYZER_SECURITY_FLOATLOOPCOUNTER = YES;
				COMBINE_HIDPI_IMAGES = YES;
				GCC_PRECOMPILE_PREFIX_HEADER = YES;
				GCC_PREFIX_HEADER = "Begonia/Begonia-Prefix.pch";
				GCC_TREAT_WARNINGS_AS_ERRORS = YES;
				GCC_WARN_PEDANTIC = YES;
				INFOPLIST_FILE = "Begonia/Begonia-Info.plist";
				PRODUCT_NAME = "$(TARGET_NAME)";
				RUN_CLANG_STATIC_ANALYZER = YES;
				WRAPPER_EXTENSION = app;
			};
			name = Release;
		};
/* End XCBuildConfiguration section */

/* Begin XCConfigurationList section */
		773EC339160EAE8D00DF8624 /* Build configuration list for PBXProject "Begonia" */ = {
			isa = XCConfigurationList;
			buildConfigurations = (
				773EC35B160EAE8D00DF8624 /* Debug */,
				773EC35C160EAE8D00DF8624 /* Release */,
			);
			defaultConfigurationIsVisible = 0;
			defaultConfigurationName = Release;
		};
		773EC35D160EAE8D00DF8624 /* Build configuration list for PBXNativeTarget "Begonia" */ = {
			isa = XCConfigurationList;
			buildConfigurations = (
				773EC35E160EAE8D00DF8624 /* Debug */,
				773EC35F160EAE8D00DF8624 /* Release */,
			);
			defaultConfigurationIsVisible = 0;
			defaultConfigurationName = Release;
		};
/* End XCConfigurationList section */
	};
	rootObject = 773EC336160EAE8D00DF8624 /* Project object */;
}
