// !$*UTF8*$!
{
	archiveVersion = 1;
	classes = {
	};
	objectVersion = 46;
	objects = {

/* Begin PBXBuildFile section */
		778157761698A4F900C797C5 /* CollectionUtils.m in Sources */ = {isa = PBXBuildFile; fileRef = 778157521698A4F900C797C5 /* CollectionUtils.m */; settings = {COMPILER_FLAGS = "-fno-objc-arc"; }; };
		778157771698A4F900C797C5 /* ConcurrentOperation.m in Sources */ = {isa = PBXBuildFile; fileRef = 778157541698A4F900C797C5 /* ConcurrentOperation.m */; settings = {COMPILER_FLAGS = "-fno-objc-arc"; }; };
		778157781698A4F900C797C5 /* ExceptionUtils.m in Sources */ = {isa = PBXBuildFile; fileRef = 778157561698A4F900C797C5 /* ExceptionUtils.m */; settings = {COMPILER_FLAGS = "-fno-objc-arc"; }; };
		778157791698A4F900C797C5 /* Logging.m in Sources */ = {isa = PBXBuildFile; fileRef = 778157581698A4F900C797C5 /* Logging.m */; settings = {COMPILER_FLAGS = "-fno-objc-arc"; }; };
		7781577B1698A4F900C797C5 /* MYDynamicObject.m in Sources */ = {isa = PBXBuildFile; fileRef = 7781575C1698A4F900C797C5 /* MYDynamicObject.m */; settings = {COMPILER_FLAGS = "-fno-objc-arc"; }; };
		7781577C1698A4F900C797C5 /* MYErrorUtils.m in Sources */ = {isa = PBXBuildFile; fileRef = 7781575E1698A4F900C797C5 /* MYErrorUtils.m */; settings = {COMPILER_FLAGS = "-fno-objc-arc"; }; };
		7781577D1698A4F900C797C5 /* MYRegexUtils.m in Sources */ = {isa = PBXBuildFile; fileRef = 778157601698A4F900C797C5 /* MYRegexUtils.m */; settings = {COMPILER_FLAGS = "-fno-objc-arc"; }; };
		7781577E1698A4F900C797C5 /* MYStreamUtils.m in Sources */ = {isa = PBXBuildFile; fileRef = 778157621698A4F900C797C5 /* MYStreamUtils.m */; settings = {COMPILER_FLAGS = "-fno-objc-arc"; }; };
		778157801698A4F900C797C5 /* MYURLUtils.m in Sources */ = {isa = PBXBuildFile; fileRef = 778157661698A4F900C797C5 /* MYURLUtils.m */; settings = {COMPILER_FLAGS = "-fno-objc-arc"; }; };
		778157811698A4F900C797C5 /* Target.m in Sources */ = {isa = PBXBuildFile; fileRef = 7781576D1698A4F900C797C5 /* Target.m */; settings = {COMPILER_FLAGS = "-fno-objc-arc"; }; };
		778157821698A4F900C797C5 /* Test.m in Sources */ = {isa = PBXBuildFile; fileRef = 7781576F1698A4F900C797C5 /* Test.m */; settings = {COMPILER_FLAGS = "-fno-objc-arc"; }; };
		778157831698A4F900C797C5 /* GTMNSData+zlib.m in Sources */ = {isa = PBXBuildFile; fileRef = 778157741698A4F900C797C5 /* GTMNSData+zlib.m */; settings = {COMPILER_FLAGS = "-fno-objc-arc"; }; };
		778157C01698A50800C797C5 /* BLIPConnection.m in Sources */ = {isa = PBXBuildFile; fileRef = 7781578B1698A50800C797C5 /* BLIPConnection.m */; settings = {COMPILER_FLAGS = "-fno-objc-arc"; }; };
		778157C11698A50800C797C5 /* BLIPDispatcher.m in Sources */ = {isa = PBXBuildFile; fileRef = 7781578D1698A50800C797C5 /* BLIPDispatcher.m */; settings = {COMPILER_FLAGS = "-fno-objc-arc"; }; };
		778157C21698A50800C797C5 /* BLIPMessage.m in Sources */ = {isa = PBXBuildFile; fileRef = 7781578F1698A50800C797C5 /* BLIPMessage.m */; settings = {COMPILER_FLAGS = "-fno-objc-arc"; }; };
		778157C31698A50800C797C5 /* BLIPProperties.m in Sources */ = {isa = PBXBuildFile; fileRef = 778157911698A50800C797C5 /* BLIPProperties.m */; settings = {COMPILER_FLAGS = "-fno-objc-arc"; }; };
		778157C41698A50800C797C5 /* BLIPReader.m in Sources */ = {isa = PBXBuildFile; fileRef = 778157931698A50800C797C5 /* BLIPReader.m */; settings = {COMPILER_FLAGS = "-fno-objc-arc"; }; };
		778157C51698A50800C797C5 /* BLIPRequest.m in Sources */ = {isa = PBXBuildFile; fileRef = 778157951698A50800C797C5 /* BLIPRequest.m */; settings = {COMPILER_FLAGS = "-fno-objc-arc"; }; };
		778157C71698A50800C797C5 /* BLIPWriter.m in Sources */ = {isa = PBXBuildFile; fileRef = 778157981698A50800C797C5 /* BLIPWriter.m */; settings = {COMPILER_FLAGS = "-fno-objc-arc"; }; };
		778157CA1698A50800C797C5 /* MYAddressLookup.m in Sources */ = {isa = PBXBuildFile; fileRef = 778157A41698A50800C797C5 /* MYAddressLookup.m */; settings = {COMPILER_FLAGS = "-fno-objc-arc"; }; };
		778157CB1698A50800C797C5 /* MYBonjourBrowser.m in Sources */ = {isa = PBXBuildFile; fileRef = 778157A61698A50800C797C5 /* MYBonjourBrowser.m */; settings = {COMPILER_FLAGS = "-fno-objc-arc"; }; };
		778157CC1698A50800C797C5 /* MYBonjourQuery.m in Sources */ = {isa = PBXBuildFile; fileRef = 778157A81698A50800C797C5 /* MYBonjourQuery.m */; settings = {COMPILER_FLAGS = "-fno-objc-arc"; }; };
		778157CD1698A50800C797C5 /* MYBonjourRegistration.m in Sources */ = {isa = PBXBuildFile; fileRef = 778157AA1698A50800C797C5 /* MYBonjourRegistration.m */; settings = {COMPILER_FLAGS = "-fno-objc-arc"; }; };
		778157CE1698A50800C797C5 /* MYBonjourService.m in Sources */ = {isa = PBXBuildFile; fileRef = 778157AC1698A50800C797C5 /* MYBonjourService.m */; settings = {COMPILER_FLAGS = "-fno-objc-arc"; }; };
		778157CF1698A50800C797C5 /* MYDNSService.m in Sources */ = {isa = PBXBuildFile; fileRef = 778157AF1698A50800C797C5 /* MYDNSService.m */; settings = {COMPILER_FLAGS = "-fno-objc-arc"; }; };
		778157D01698A50800C797C5 /* MYPortMapper.m in Sources */ = {isa = PBXBuildFile; fileRef = 778157B11698A50800C797C5 /* MYPortMapper.m */; settings = {COMPILER_FLAGS = "-fno-objc-arc"; }; };
		778157D11698A50800C797C5 /* PortMapperTest.m in Sources */ = {isa = PBXBuildFile; fileRef = 778157B21698A50800C797C5 /* PortMapperTest.m */; settings = {COMPILER_FLAGS = "-fno-objc-arc"; }; };
		778157D21698A50800C797C5 /* TCPConnection.m in Sources */ = {isa = PBXBuildFile; fileRef = 778157B61698A50800C797C5 /* TCPConnection.m */; settings = {COMPILER_FLAGS = "-fno-objc-arc"; }; };
		778157D31698A50800C797C5 /* TCPEndpoint+Certs.m in Sources */ = {isa = PBXBuildFile; fileRef = 778157B71698A50800C797C5 /* TCPEndpoint+Certs.m */; settings = {COMPILER_FLAGS = "-fno-objc-arc"; }; };
		778157D41698A50800C797C5 /* TCPEndpoint.m in Sources */ = {isa = PBXBuildFile; fileRef = 778157B91698A50800C797C5 /* TCPEndpoint.m */; settings = {COMPILER_FLAGS = "-fno-objc-arc"; }; };
		778157D51698A50800C797C5 /* TCPListener.m in Sources */ = {isa = PBXBuildFile; fileRef = 778157BB1698A50800C797C5 /* TCPListener.m */; settings = {COMPILER_FLAGS = "-fno-objc-arc"; }; };
		778157D61698A50800C797C5 /* TCPStream.m in Sources */ = {isa = PBXBuildFile; fileRef = 778157BD1698A50800C797C5 /* TCPStream.m */; settings = {COMPILER_FLAGS = "-fno-objc-arc"; }; };
		778157D71698A50800C797C5 /* TCPWriter.m in Sources */ = {isa = PBXBuildFile; fileRef = 778157BF1698A50800C797C5 /* TCPWriter.m */; settings = {COMPILER_FLAGS = "-fno-objc-arc"; }; };
		778157DC1698A67F00C797C5 /* IPAddress.m in Sources */ = {isa = PBXBuildFile; fileRef = 778157DB1698A67F00C797C5 /* IPAddress.m */; settings = {COMPILER_FLAGS = "-fno-objc-arc"; }; };
		7785862C166DA652008BE2C1 /* BGNCocoaRouter.m in Sources */ = {isa = PBXBuildFile; fileRef = 77CA978D1662BFB3007B7F62 /* BGNCocoaRouter.m */; };
		7785862E166DA673008BE2C1 /* BGNPrelude.m in Sources */ = {isa = PBXBuildFile; fileRef = 77D4EA00165DCE6800CA3C65 /* BGNPrelude.m */; };
		7785862F166DA6B0008BE2C1 /* PKSpecificChar.m in Sources */ = {isa = PBXBuildFile; fileRef = 77AF99E5166D94C5002CDE61 /* PKSpecificChar.m */; settings = {COMPILER_FLAGS = "-fno-objc-arc"; }; };
		77858630166DA6B0008BE2C1 /* PKSymbol.m in Sources */ = {isa = PBXBuildFile; fileRef = 77AF99E6166D94C5002CDE61 /* PKSymbol.m */; settings = {COMPILER_FLAGS = "-fno-objc-arc"; }; };
		77858631166DA6B0008BE2C1 /* PKSymbolNode.m in Sources */ = {isa = PBXBuildFile; fileRef = 77AF99E7166D94C5002CDE61 /* PKSymbolNode.m */; settings = {COMPILER_FLAGS = "-fno-objc-arc"; }; };
		77858632166DA6B0008BE2C1 /* PKSymbolRootNode.m in Sources */ = {isa = PBXBuildFile; fileRef = 77AF99E8166D94C5002CDE61 /* PKSymbolRootNode.m */; settings = {COMPILER_FLAGS = "-fno-objc-arc"; }; };
		77858633166DA6B0008BE2C1 /* PKSymbolState.m in Sources */ = {isa = PBXBuildFile; fileRef = 77AF99E9166D94C5002CDE61 /* PKSymbolState.m */; settings = {COMPILER_FLAGS = "-fno-objc-arc"; }; };
		77858634166DA6B0008BE2C1 /* PKTerminal.m in Sources */ = {isa = PBXBuildFile; fileRef = 77AF99EA166D94C5002CDE61 /* PKTerminal.m */; settings = {COMPILER_FLAGS = "-fno-objc-arc"; }; };
		77858635166DA6B0008BE2C1 /* PKToken.m in Sources */ = {isa = PBXBuildFile; fileRef = 77AF99EB166D94C5002CDE61 /* PKToken.m */; settings = {COMPILER_FLAGS = "-fno-objc-arc"; }; };
		77858636166DA6B0008BE2C1 /* PKTokenArraySource.m in Sources */ = {isa = PBXBuildFile; fileRef = 77AF99EC166D94C5002CDE61 /* PKTokenArraySource.m */; settings = {COMPILER_FLAGS = "-fno-objc-arc"; }; };
		77858637166DA6B0008BE2C1 /* PKTokenAssembly.m in Sources */ = {isa = PBXBuildFile; fileRef = 77AF99ED166D94C5002CDE61 /* PKTokenAssembly.m */; settings = {COMPILER_FLAGS = "-fno-objc-arc"; }; };
		77858638166DA6B0008BE2C1 /* PKTokenizer.m in Sources */ = {isa = PBXBuildFile; fileRef = 77AF99EE166D94C5002CDE61 /* PKTokenizer.m */; settings = {COMPILER_FLAGS = "-fno-objc-arc"; }; };
		77858639166DA6B0008BE2C1 /* PKTokenizerState.m in Sources */ = {isa = PBXBuildFile; fileRef = 77AF99EF166D94C5002CDE61 /* PKTokenizerState.m */; settings = {COMPILER_FLAGS = "-fno-objc-arc"; }; };
		7785863A166DA6B0008BE2C1 /* PKTrack.m in Sources */ = {isa = PBXBuildFile; fileRef = 77AF99F0166D94C5002CDE61 /* PKTrack.m */; settings = {COMPILER_FLAGS = "-fno-objc-arc"; }; };
		7785863B166DA6B0008BE2C1 /* PKTrackException.m in Sources */ = {isa = PBXBuildFile; fileRef = 77AF99F1166D94C5002CDE61 /* PKTrackException.m */; settings = {COMPILER_FLAGS = "-fno-objc-arc"; }; };
		7785863C166DA6B0008BE2C1 /* PKTwitterState.m in Sources */ = {isa = PBXBuildFile; fileRef = 77AF99F2166D94C5002CDE61 /* PKTwitterState.m */; settings = {COMPILER_FLAGS = "-fno-objc-arc"; }; };
		7785863D166DA6B0008BE2C1 /* PKUppercaseWord.m in Sources */ = {isa = PBXBuildFile; fileRef = 77AF99F3166D94C5002CDE61 /* PKUppercaseWord.m */; settings = {COMPILER_FLAGS = "-fno-objc-arc"; }; };
		7785863E166DA6B0008BE2C1 /* PKURLState.m in Sources */ = {isa = PBXBuildFile; fileRef = 77AF99F4166D94C5002CDE61 /* PKURLState.m */; settings = {COMPILER_FLAGS = "-fno-objc-arc"; }; };
		7785863F166DA6B0008BE2C1 /* PKWhitespace.m in Sources */ = {isa = PBXBuildFile; fileRef = 77AF99F5166D94C5002CDE61 /* PKWhitespace.m */; settings = {COMPILER_FLAGS = "-fno-objc-arc"; }; };
		77858640166DA6B0008BE2C1 /* PKWhitespaceState.m in Sources */ = {isa = PBXBuildFile; fileRef = 77AF99F6166D94C5002CDE61 /* PKWhitespaceState.m */; settings = {COMPILER_FLAGS = "-fno-objc-arc"; }; };
		77858641166DA6B0008BE2C1 /* PKWord.m in Sources */ = {isa = PBXBuildFile; fileRef = 77AF99F7166D94C5002CDE61 /* PKWord.m */; settings = {COMPILER_FLAGS = "-fno-objc-arc"; }; };
		77858642166DA6B0008BE2C1 /* PKWordState.m in Sources */ = {isa = PBXBuildFile; fileRef = 77AF99F8166D94C5002CDE61 /* PKWordState.m */; settings = {COMPILER_FLAGS = "-fno-objc-arc"; }; };
		77858643166DA6B2008BE2C1 /* RegexKitLite.m in Sources */ = {isa = PBXBuildFile; fileRef = 77AF99FA166D94C5002CDE61 /* RegexKitLite.m */; settings = {COMPILER_FLAGS = "-fno-objc-arc"; }; };
		77858644166DA6C9008BE2C1 /* NSString+ParseKitAdditions.m in Sources */ = {isa = PBXBuildFile; fileRef = 77AF99C1166D94C5002CDE61 /* NSString+ParseKitAdditions.m */; settings = {COMPILER_FLAGS = "-fno-objc-arc"; }; };
		77858645166DA6C9008BE2C1 /* PKAlternation.m in Sources */ = {isa = PBXBuildFile; fileRef = 77AF99C2166D94C5002CDE61 /* PKAlternation.m */; settings = {COMPILER_FLAGS = "-fno-objc-arc"; }; };
		77858646166DA6C9008BE2C1 /* PKAny.m in Sources */ = {isa = PBXBuildFile; fileRef = 77AF99C3166D94C5002CDE61 /* PKAny.m */; settings = {COMPILER_FLAGS = "-fno-objc-arc"; }; };
		77858647166DA6C9008BE2C1 /* PKAssembly.m in Sources */ = {isa = PBXBuildFile; fileRef = 77AF99C4166D94C5002CDE61 /* PKAssembly.m */; settings = {COMPILER_FLAGS = "-fno-objc-arc"; }; };
		77858648166DA6C9008BE2C1 /* PKCaseInsensitiveLiteral.m in Sources */ = {isa = PBXBuildFile; fileRef = 77AF99C5166D94C5002CDE61 /* PKCaseInsensitiveLiteral.m */; settings = {COMPILER_FLAGS = "-fno-objc-arc"; }; };
		77858649166DA6C9008BE2C1 /* PKChar.m in Sources */ = {isa = PBXBuildFile; fileRef = 77AF99C6166D94C5002CDE61 /* PKChar.m */; settings = {COMPILER_FLAGS = "-fno-objc-arc"; }; };
		7785864A166DA6C9008BE2C1 /* PKCharacterAssembly.m in Sources */ = {isa = PBXBuildFile; fileRef = 77AF99C7166D94C5002CDE61 /* PKCharacterAssembly.m */; settings = {COMPILER_FLAGS = "-fno-objc-arc"; }; };
		7785864B166DA6C9008BE2C1 /* PKCollectionParser.m in Sources */ = {isa = PBXBuildFile; fileRef = 77AF99C8166D94C5002CDE61 /* PKCollectionParser.m */; settings = {COMPILER_FLAGS = "-fno-objc-arc"; }; };
		7785864C166DA6C9008BE2C1 /* PKComment.m in Sources */ = {isa = PBXBuildFile; fileRef = 77AF99C9166D94C5002CDE61 /* PKComment.m */; settings = {COMPILER_FLAGS = "-fno-objc-arc"; }; };
		7785864D166DA6C9008BE2C1 /* PKCommentState.m in Sources */ = {isa = PBXBuildFile; fileRef = 77AF99CA166D94C5002CDE61 /* PKCommentState.m */; settings = {COMPILER_FLAGS = "-fno-objc-arc"; }; };
		7785864E166DA6C9008BE2C1 /* PKDelimitedString.m in Sources */ = {isa = PBXBuildFile; fileRef = 77AF99CB166D94C5002CDE61 /* PKDelimitedString.m */; settings = {COMPILER_FLAGS = "-fno-objc-arc"; }; };
		7785864F166DA6C9008BE2C1 /* PKDelimitState.m in Sources */ = {isa = PBXBuildFile; fileRef = 77AF99CC166D94C5002CDE61 /* PKDelimitState.m */; settings = {COMPILER_FLAGS = "-fno-objc-arc"; }; };
		77858650166DA6C9008BE2C1 /* PKDifference.m in Sources */ = {isa = PBXBuildFile; fileRef = 77AF99CD166D94C5002CDE61 /* PKDifference.m */; settings = {COMPILER_FLAGS = "-fno-objc-arc"; }; };
		77858651166DA6C9008BE2C1 /* PKDigit.m in Sources */ = {isa = PBXBuildFile; fileRef = 77AF99CE166D94C5002CDE61 /* PKDigit.m */; settings = {COMPILER_FLAGS = "-fno-objc-arc"; }; };
		77858652166DA6C9008BE2C1 /* PKEmailState.m in Sources */ = {isa = PBXBuildFile; fileRef = 77AF99CF166D94C5002CDE61 /* PKEmailState.m */; settings = {COMPILER_FLAGS = "-fno-objc-arc"; }; };
		77858653166DA6C9008BE2C1 /* PKEmpty.m in Sources */ = {isa = PBXBuildFile; fileRef = 77AF99D0166D94C5002CDE61 /* PKEmpty.m */; settings = {COMPILER_FLAGS = "-fno-objc-arc"; }; };
		77858654166DA6C9008BE2C1 /* PKGrammarParser.m in Sources */ = {isa = PBXBuildFile; fileRef = 77AF99D2166D94C5002CDE61 /* PKGrammarParser.m */; settings = {COMPILER_FLAGS = "-fno-objc-arc"; }; };
		77858655166DA6C9008BE2C1 /* PKHashtagState.m in Sources */ = {isa = PBXBuildFile; fileRef = 77AF99D3166D94C5002CDE61 /* PKHashtagState.m */; settings = {COMPILER_FLAGS = "-fno-objc-arc"; }; };
		77858656166DA6C9008BE2C1 /* PKIntersection.m in Sources */ = {isa = PBXBuildFile; fileRef = 77AF99D4166D94C5002CDE61 /* PKIntersection.m */; settings = {COMPILER_FLAGS = "-fno-objc-arc"; }; };
		77858657166DA6C9008BE2C1 /* PKLetter.m in Sources */ = {isa = PBXBuildFile; fileRef = 77AF99D5166D94C5002CDE61 /* PKLetter.m */; settings = {COMPILER_FLAGS = "-fno-objc-arc"; }; };
		77858658166DA6C9008BE2C1 /* PKLiteral.m in Sources */ = {isa = PBXBuildFile; fileRef = 77AF99D6166D94C5002CDE61 /* PKLiteral.m */; settings = {COMPILER_FLAGS = "-fno-objc-arc"; }; };
		77858659166DA6C9008BE2C1 /* PKLowercaseWord.m in Sources */ = {isa = PBXBuildFile; fileRef = 77AF99D7166D94C5002CDE61 /* PKLowercaseWord.m */; settings = {COMPILER_FLAGS = "-fno-objc-arc"; }; };
		7785865A166DA6C9008BE2C1 /* PKMultiLineCommentState.m in Sources */ = {isa = PBXBuildFile; fileRef = 77AF99D8166D94C5002CDE61 /* PKMultiLineCommentState.m */; settings = {COMPILER_FLAGS = "-fno-objc-arc"; }; };
		7785865B166DA6C9008BE2C1 /* PKNegation.m in Sources */ = {isa = PBXBuildFile; fileRef = 77AF99D9166D94C5002CDE61 /* PKNegation.m */; settings = {COMPILER_FLAGS = "-fno-objc-arc"; }; };
		7785865C166DA6C9008BE2C1 /* PKNumber.m in Sources */ = {isa = PBXBuildFile; fileRef = 77AF99DA166D94C5002CDE61 /* PKNumber.m */; settings = {COMPILER_FLAGS = "-fno-objc-arc"; }; };
		7785865D166DA6C9008BE2C1 /* PKNumberState.m in Sources */ = {isa = PBXBuildFile; fileRef = 77AF99DB166D94C5002CDE61 /* PKNumberState.m */; settings = {COMPILER_FLAGS = "-fno-objc-arc"; }; };
		7785865E166DA6C9008BE2C1 /* PKParser.m in Sources */ = {isa = PBXBuildFile; fileRef = 77AF99DC166D94C5002CDE61 /* PKParser.m */; settings = {COMPILER_FLAGS = "-fno-objc-arc"; }; };
		7785865F166DA6C9008BE2C1 /* PKParserFactory.m in Sources */ = {isa = PBXBuildFile; fileRef = 77AF99DD166D94C5002CDE61 /* PKParserFactory.m */; settings = {COMPILER_FLAGS = "-fno-objc-arc"; }; };
		77858660166DA6C9008BE2C1 /* PKPattern.m in Sources */ = {isa = PBXBuildFile; fileRef = 77AF99DE166D94C5002CDE61 /* PKPattern.m */; settings = {COMPILER_FLAGS = "-fno-objc-arc"; }; };
		77858661166DA6C9008BE2C1 /* PKQuotedString.m in Sources */ = {isa = PBXBuildFile; fileRef = 77AF99DF166D94C5002CDE61 /* PKQuotedString.m */; settings = {COMPILER_FLAGS = "-fno-objc-arc"; }; };
		77858662166DA6C9008BE2C1 /* PKQuoteState.m in Sources */ = {isa = PBXBuildFile; fileRef = 77AF99E0166D94C5002CDE61 /* PKQuoteState.m */; settings = {COMPILER_FLAGS = "-fno-objc-arc"; }; };
		77858663166DA6C9008BE2C1 /* PKReader.m in Sources */ = {isa = PBXBuildFile; fileRef = 77AF99E1166D94C5002CDE61 /* PKReader.m */; settings = {COMPILER_FLAGS = "-fno-objc-arc"; }; };
		77858664166DA6C9008BE2C1 /* PKRepetition.m in Sources */ = {isa = PBXBuildFile; fileRef = 77AF99E2166D94C5002CDE61 /* PKRepetition.m */; settings = {COMPILER_FLAGS = "-fno-objc-arc"; }; };
		77858665166DA6C9008BE2C1 /* PKSequence.m in Sources */ = {isa = PBXBuildFile; fileRef = 77AF99E3166D94C5002CDE61 /* PKSequence.m */; settings = {COMPILER_FLAGS = "-fno-objc-arc"; }; };
		77858666166DA6C9008BE2C1 /* PKSingleLineCommentState.m in Sources */ = {isa = PBXBuildFile; fileRef = 77AF99E4166D94C5002CDE61 /* PKSingleLineCommentState.m */; settings = {COMPILER_FLAGS = "-fno-objc-arc"; }; };
		77858667166DA6CC008BE2C1 /* NSArray+ParseKitAdditions.m in Sources */ = {isa = PBXBuildFile; fileRef = 77AF99BF166D94C5002CDE61 /* NSArray+ParseKitAdditions.m */; settings = {COMPILER_FLAGS = "-fno-objc-arc"; }; };
		77AF959D166C5B70002CDE61 /* Foundation.framework in Frameworks */ = {isa = PBXBuildFile; fileRef = 77AF959C166C5B70002CDE61 /* Foundation.framework */; };
		77AF95A8166C5BCC002CDE61 /* BGNPatternVisitor.m in Sources */ = {isa = PBXBuildFile; fileRef = 77CA9782166006C5007B7F62 /* BGNPatternVisitor.m */; };
		77AF95AA166C5BCC002CDE61 /* BGNPrimops.m in Sources */ = {isa = PBXBuildFile; fileRef = 77D4E9FD16598E4A00CA3C65 /* BGNPrimops.m */; };
		77AF95AB166C5BCC002CDE61 /* BGNExpVisitor.m in Sources */ = {isa = PBXBuildFile; fileRef = 77D4E9FA1658118500CA3C65 /* BGNExpVisitor.m */; };
		77AF95AC166C5BCC002CDE61 /* BGNTopDeclVisitor.m in Sources */ = {isa = PBXBuildFile; fileRef = 77D4E9CC16508E4700CA3C65 /* BGNTopDeclVisitor.m */; };
		77AF95AD166C5BCC002CDE61 /* BGNEnvironment.m in Sources */ = {isa = PBXBuildFile; fileRef = 77D4E9C9164F3DE000CA3C65 /* BGNEnvironment.m */; };
		77AF95AE166C5BCC002CDE61 /* BGNValue.m in Sources */ = {isa = PBXBuildFile; fileRef = 77D4E9C6164ED4D000CA3C65 /* BGNValue.m */; };
		77AF95AF166C5BCC002CDE61 /* BGNPrecedenceParser.m in Sources */ = {isa = PBXBuildFile; fileRef = 77D11F8E162E25F0008E2A6E /* BGNPrecedenceParser.m */; };
		77AF95B0166C5BCC002CDE61 /* BGNEndOfLineTokenizerState.m in Sources */ = {isa = PBXBuildFile; fileRef = 773EC3E6161D516500DF8624 /* BGNEndOfLineTokenizerState.m */; };
		77AF95B1166C5BCC002CDE61 /* BGNParser.m in Sources */ = {isa = PBXBuildFile; fileRef = 773EC3D1161BECA500DF8624 /* BGNParser.m */; };
		77AF95B2166C5BCC002CDE61 /* BGNParserResult.m in Sources */ = {isa = PBXBuildFile; fileRef = 773EC3D8161BF59C00DF8624 /* BGNParserResult.m */; };
		77AF95B3166C5BCC002CDE61 /* BGNLang.m in Sources */ = {isa = PBXBuildFile; fileRef = 773EC3D5161BF53E00DF8624 /* BGNLang.m */; };
		77AF95B4166C5BCC002CDE61 /* BGNInterpreter.m in Sources */ = {isa = PBXBuildFile; fileRef = 773EC390160F541C00DF8624 /* BGNInterpreter.m */; };
		77AF95B5166C5BCC002CDE61 /* BGNModuleManager.m in Sources */ = {isa = PBXBuildFile; fileRef = 77EE6A99164738880088C1F5 /* BGNModuleManager.m */; };
		77AFB781166DA89A001C4EE5 /* NSObject+BGNConstruction.m in Sources */ = {isa = PBXBuildFile; fileRef = 77BF377F1633263A006B5EF4 /* NSObject+BGNConstruction.m */; };
		77AFB783166DA89D001C4EE5 /* NSMutableArray+BGNStack.m in Sources */ = {isa = PBXBuildFile; fileRef = 77BF378316332796006B5EF4 /* NSMutableArray+BGNStack.m */; };
		77AFB784166DA8A1001C4EE5 /* NSArray+Functional.m in Sources */ = {isa = PBXBuildFile; fileRef = 77BF378616334A1B006B5EF4 /* NSArray+Functional.m */; };
/* End PBXBuildFile section */

/* Begin PBXCopyFilesBuildPhase section */
		77AF9599166C5B70002CDE61 /* CopyFiles */ = {
			isa = PBXCopyFilesBuildPhase;
			buildActionMask = 2147483647;
			dstPath = "include/${PRODUCT_NAME}";
			dstSubfolderSpec = 16;
			files = (
			);
			runOnlyForDeploymentPostprocessing = 0;
		};
/* End PBXCopyFilesBuildPhase section */

/* Begin PBXFileReference section */
		7705AAF01669BB1400ACF87A /* BGNServer.h */ = {isa = PBXFileReference; fileEncoding = 4; lastKnownFileType = sourcecode.c.h; path = BGNServer.h; sourceTree = "<group>"; };
		7705AAF11669BB1400ACF87A /* BGNServer.m */ = {isa = PBXFileReference; fileEncoding = 4; lastKnownFileType = sourcecode.c.objc; path = BGNServer.m; sourceTree = "<group>"; };
		773EC343160EAE8D00DF8624 /* Cocoa.framework */ = {isa = PBXFileReference; includeInIndex = 1; lastKnownFileType = wrapper.framework; name = Cocoa.framework; path = System/Library/Frameworks/Cocoa.framework; sourceTree = SDKROOT; };
		773EC346160EAE8D00DF8624 /* AppKit.framework */ = {isa = PBXFileReference; lastKnownFileType = wrapper.framework; name = AppKit.framework; path = System/Library/Frameworks/AppKit.framework; sourceTree = SDKROOT; };
		773EC347160EAE8D00DF8624 /* CoreData.framework */ = {isa = PBXFileReference; lastKnownFileType = wrapper.framework; name = CoreData.framework; path = System/Library/Frameworks/CoreData.framework; sourceTree = SDKROOT; };
		773EC348160EAE8D00DF8624 /* Foundation.framework */ = {isa = PBXFileReference; lastKnownFileType = wrapper.framework; name = Foundation.framework; path = System/Library/Frameworks/Foundation.framework; sourceTree = SDKROOT; };
		773EC351160EAE8D00DF8624 /* Begonia-Prefix.pch */ = {isa = PBXFileReference; lastKnownFileType = sourcecode.c.h; path = "Begonia-Prefix.pch"; sourceTree = "<group>"; };
		773EC355160EAE8D00DF8624 /* ADLAppDelegate.h */ = {isa = PBXFileReference; lastKnownFileType = sourcecode.c.h; path = ADLAppDelegate.h; sourceTree = "<group>"; };
		773EC356160EAE8D00DF8624 /* ADLAppDelegate.m */ = {isa = PBXFileReference; lastKnownFileType = sourcecode.c.objc; path = ADLAppDelegate.m; sourceTree = "<group>"; };
		773EC359160EAE8D00DF8624 /* en */ = {isa = PBXFileReference; lastKnownFileType = file.xib; name = en; path = en.lproj/MainMenu.xib; sourceTree = "<group>"; };
		773EC366160EB45A00DF8624 /* ADLFileWatcher.h */ = {isa = PBXFileReference; fileEncoding = 4; lastKnownFileType = sourcecode.c.h; path = ADLFileWatcher.h; sourceTree = "<group>"; };
		773EC367160EB45A00DF8624 /* ADLFileWatcher.m */ = {isa = PBXFileReference; fileEncoding = 4; lastKnownFileType = sourcecode.c.objc; path = ADLFileWatcher.m; sourceTree = "<group>"; };
		773EC369160EBA6400DF8624 /* ADLViewerWindowController.h */ = {isa = PBXFileReference; fileEncoding = 4; lastKnownFileType = sourcecode.c.h; path = ADLViewerWindowController.h; sourceTree = "<group>"; };
		773EC36A160EBA6400DF8624 /* ADLViewerWindowController.m */ = {isa = PBXFileReference; fileEncoding = 4; lastKnownFileType = sourcecode.c.objc; path = ADLViewerWindowController.m; sourceTree = "<group>"; };
		773EC36C160EBCD900DF8624 /* ADLFileAcceptorView.h */ = {isa = PBXFileReference; fileEncoding = 4; lastKnownFileType = sourcecode.c.h; path = ADLFileAcceptorView.h; sourceTree = "<group>"; };
		773EC36D160EBCD900DF8624 /* ADLFileAcceptorView.m */ = {isa = PBXFileReference; fileEncoding = 4; lastKnownFileType = sourcecode.c.objc; path = ADLFileAcceptorView.m; sourceTree = "<group>"; };
		773EC36F160EBDF300DF8624 /* ADLViewerWindowController.xib */ = {isa = PBXFileReference; fileEncoding = 4; lastKnownFileType = file.xib; path = ADLViewerWindowController.xib; sourceTree = "<group>"; };
		773EC388160EC1ED00DF8624 /* ADLFileAcceptorView.xib */ = {isa = PBXFileReference; fileEncoding = 4; lastKnownFileType = file.xib; path = ADLFileAcceptorView.xib; sourceTree = "<group>"; };
		773EC38A160EC4BD00DF8624 /* QuartzCore.framework */ = {isa = PBXFileReference; includeInIndex = 1; lastKnownFileType = wrapper.framework; name = QuartzCore.framework; path = System/Library/Frameworks/QuartzCore.framework; sourceTree = SDKROOT; };
		773EC38C160EC51300DF8624 /* ADLGradientView.h */ = {isa = PBXFileReference; fileEncoding = 4; lastKnownFileType = sourcecode.c.h; path = ADLGradientView.h; sourceTree = "<group>"; };
		773EC38D160EC51300DF8624 /* ADLGradientView.m */ = {isa = PBXFileReference; fileEncoding = 4; lastKnownFileType = sourcecode.c.objc; path = ADLGradientView.m; sourceTree = "<group>"; };
		773EC38F160F541C00DF8624 /* BGNInterpreter.h */ = {isa = PBXFileReference; fileEncoding = 4; lastKnownFileType = sourcecode.c.h; path = BGNInterpreter.h; sourceTree = "<group>"; };
		773EC390160F541C00DF8624 /* BGNInterpreter.m */ = {isa = PBXFileReference; fileEncoding = 4; lastKnownFileType = sourcecode.c.objc; path = BGNInterpreter.m; sourceTree = "<group>"; };
		773EC3D0161BECA500DF8624 /* BGNParser.h */ = {isa = PBXFileReference; fileEncoding = 4; lastKnownFileType = sourcecode.c.h; path = BGNParser.h; sourceTree = "<group>"; };
		773EC3D1161BECA500DF8624 /* BGNParser.m */ = {isa = PBXFileReference; fileEncoding = 4; lastKnownFileType = sourcecode.c.objc; path = BGNParser.m; sourceTree = "<group>"; };
		773EC3D4161BF53E00DF8624 /* BGNLang.h */ = {isa = PBXFileReference; fileEncoding = 4; lastKnownFileType = sourcecode.c.h; path = BGNLang.h; sourceTree = "<group>"; };
		773EC3D5161BF53E00DF8624 /* BGNLang.m */ = {isa = PBXFileReference; fileEncoding = 4; lastKnownFileType = sourcecode.c.objc; path = BGNLang.m; sourceTree = "<group>"; };
		773EC3D7161BF59C00DF8624 /* BGNParserResult.h */ = {isa = PBXFileReference; fileEncoding = 4; lastKnownFileType = sourcecode.c.h; path = BGNParserResult.h; sourceTree = "<group>"; };
		773EC3D8161BF59C00DF8624 /* BGNParserResult.m */ = {isa = PBXFileReference; fileEncoding = 4; lastKnownFileType = sourcecode.c.objc; path = BGNParserResult.m; sourceTree = "<group>"; };
		773EC3E5161D516500DF8624 /* BGNEndOfLineTokenizerState.h */ = {isa = PBXFileReference; fileEncoding = 4; lastKnownFileType = sourcecode.c.h; path = BGNEndOfLineTokenizerState.h; sourceTree = "<group>"; };
		773EC3E6161D516500DF8624 /* BGNEndOfLineTokenizerState.m */ = {isa = PBXFileReference; fileEncoding = 4; lastKnownFileType = sourcecode.c.objc; path = BGNEndOfLineTokenizerState.m; sourceTree = "<group>"; };
		773EC3EC1620B18700DF8624 /* begonia.grammar */ = {isa = PBXFileReference; fileEncoding = 4; lastKnownFileType = text; path = begonia.grammar; sourceTree = SOURCE_ROOT; };
		778157511698A4F900C797C5 /* CollectionUtils.h */ = {isa = PBXFileReference; fileEncoding = 4; lastKnownFileType = sourcecode.c.h; path = CollectionUtils.h; sourceTree = "<group>"; };
		778157521698A4F900C797C5 /* CollectionUtils.m */ = {isa = PBXFileReference; fileEncoding = 4; lastKnownFileType = sourcecode.c.objc; path = CollectionUtils.m; sourceTree = "<group>"; };
		778157531698A4F900C797C5 /* ConcurrentOperation.h */ = {isa = PBXFileReference; fileEncoding = 4; lastKnownFileType = sourcecode.c.h; path = ConcurrentOperation.h; sourceTree = "<group>"; };
		778157541698A4F900C797C5 /* ConcurrentOperation.m */ = {isa = PBXFileReference; fileEncoding = 4; lastKnownFileType = sourcecode.c.objc; path = ConcurrentOperation.m; sourceTree = "<group>"; };
		778157551698A4F900C797C5 /* ExceptionUtils.h */ = {isa = PBXFileReference; fileEncoding = 4; lastKnownFileType = sourcecode.c.h; path = ExceptionUtils.h; sourceTree = "<group>"; };
		778157561698A4F900C797C5 /* ExceptionUtils.m */ = {isa = PBXFileReference; fileEncoding = 4; lastKnownFileType = sourcecode.c.objc; path = ExceptionUtils.m; sourceTree = "<group>"; };
		778157571698A4F900C797C5 /* Logging.h */ = {isa = PBXFileReference; fileEncoding = 4; lastKnownFileType = sourcecode.c.h; path = Logging.h; sourceTree = "<group>"; };
		778157581698A4F900C797C5 /* Logging.m */ = {isa = PBXFileReference; fileEncoding = 4; lastKnownFileType = sourcecode.c.objc; path = Logging.m; sourceTree = "<group>"; };
		7781575B1698A4F900C797C5 /* MYDynamicObject.h */ = {isa = PBXFileReference; fileEncoding = 4; lastKnownFileType = sourcecode.c.h; path = MYDynamicObject.h; sourceTree = "<group>"; };
		7781575C1698A4F900C797C5 /* MYDynamicObject.m */ = {isa = PBXFileReference; fileEncoding = 4; lastKnownFileType = sourcecode.c.objc; path = MYDynamicObject.m; sourceTree = "<group>"; };
		7781575D1698A4F900C797C5 /* MYErrorUtils.h */ = {isa = PBXFileReference; fileEncoding = 4; lastKnownFileType = sourcecode.c.h; path = MYErrorUtils.h; sourceTree = "<group>"; };
		7781575E1698A4F900C797C5 /* MYErrorUtils.m */ = {isa = PBXFileReference; fileEncoding = 4; lastKnownFileType = sourcecode.c.objc; path = MYErrorUtils.m; sourceTree = "<group>"; };
		7781575F1698A4F900C797C5 /* MYRegexUtils.h */ = {isa = PBXFileReference; fileEncoding = 4; lastKnownFileType = sourcecode.c.h; path = MYRegexUtils.h; sourceTree = "<group>"; };
		778157601698A4F900C797C5 /* MYRegexUtils.m */ = {isa = PBXFileReference; fileEncoding = 4; lastKnownFileType = sourcecode.c.objc; path = MYRegexUtils.m; sourceTree = "<group>"; };
		778157611698A4F900C797C5 /* MYStreamUtils.h */ = {isa = PBXFileReference; fileEncoding = 4; lastKnownFileType = sourcecode.c.h; path = MYStreamUtils.h; sourceTree = "<group>"; };
		778157621698A4F900C797C5 /* MYStreamUtils.m */ = {isa = PBXFileReference; fileEncoding = 4; lastKnownFileType = sourcecode.c.objc; path = MYStreamUtils.m; sourceTree = "<group>"; };
		778157651698A4F900C797C5 /* MYURLUtils.h */ = {isa = PBXFileReference; fileEncoding = 4; lastKnownFileType = sourcecode.c.h; path = MYURLUtils.h; sourceTree = "<group>"; };
		778157661698A4F900C797C5 /* MYURLUtils.m */ = {isa = PBXFileReference; fileEncoding = 4; lastKnownFileType = sourcecode.c.objc; path = MYURLUtils.m; sourceTree = "<group>"; };
		778157671698A4F900C797C5 /* MYUtilities.xcconfig */ = {isa = PBXFileReference; fileEncoding = 4; lastKnownFileType = text.xcconfig; path = MYUtilities.xcconfig; sourceTree = "<group>"; };
		778157681698A4F900C797C5 /* MYUtilities_Debug.xcconfig */ = {isa = PBXFileReference; fileEncoding = 4; lastKnownFileType = text.xcconfig; path = MYUtilities_Debug.xcconfig; sourceTree = "<group>"; };
		778157691698A4F900C797C5 /* MYUtilities_Prefix.pch */ = {isa = PBXFileReference; fileEncoding = 4; lastKnownFileType = sourcecode.c.h; path = MYUtilities_Prefix.pch; sourceTree = "<group>"; };
		7781576A1698A4F900C797C5 /* MYUtilities_Release.xcconfig */ = {isa = PBXFileReference; fileEncoding = 4; lastKnownFileType = text.xcconfig; path = MYUtilities_Release.xcconfig; sourceTree = "<group>"; };
		7781576B1698A4F900C797C5 /* README.md */ = {isa = PBXFileReference; fileEncoding = 4; lastKnownFileType = text; path = README.md; sourceTree = "<group>"; };
		7781576C1698A4F900C797C5 /* Target.h */ = {isa = PBXFileReference; fileEncoding = 4; lastKnownFileType = sourcecode.c.h; path = Target.h; sourceTree = "<group>"; };
		7781576D1698A4F900C797C5 /* Target.m */ = {isa = PBXFileReference; fileEncoding = 4; lastKnownFileType = sourcecode.c.objc; path = Target.m; sourceTree = "<group>"; };
		7781576E1698A4F900C797C5 /* Test.h */ = {isa = PBXFileReference; fileEncoding = 4; lastKnownFileType = sourcecode.c.h; path = Test.h; sourceTree = "<group>"; };
		7781576F1698A4F900C797C5 /* Test.m */ = {isa = PBXFileReference; fileEncoding = 4; lastKnownFileType = sourcecode.c.objc; path = Test.m; sourceTree = "<group>"; };
		778157721698A4F900C797C5 /* GTMDefines.h */ = {isa = PBXFileReference; fileEncoding = 4; lastKnownFileType = sourcecode.c.h; path = GTMDefines.h; sourceTree = "<group>"; };
		778157731698A4F900C797C5 /* GTMNSData+zlib.h */ = {isa = PBXFileReference; fileEncoding = 4; lastKnownFileType = sourcecode.c.h; path = "GTMNSData+zlib.h"; sourceTree = "<group>"; };
		778157741698A4F900C797C5 /* GTMNSData+zlib.m */ = {isa = PBXFileReference; fileEncoding = 4; lastKnownFileType = sourcecode.c.objc; path = "GTMNSData+zlib.m"; sourceTree = "<group>"; };
		778157751698A4F900C797C5 /* README */ = {isa = PBXFileReference; fileEncoding = 4; lastKnownFileType = text; path = README; sourceTree = "<group>"; };
		778157861698A50800C797C5 /* BLIP Overview.txt */ = {isa = PBXFileReference; fileEncoding = 4; lastKnownFileType = text; path = "BLIP Overview.txt"; sourceTree = "<group>"; };
		778157871698A50800C797C5 /* BLIP.h */ = {isa = PBXFileReference; fileEncoding = 4; lastKnownFileType = sourcecode.c.h; path = BLIP.h; sourceTree = "<group>"; };
		778157891698A50800C797C5 /* BLIP_Internal.h */ = {isa = PBXFileReference; fileEncoding = 4; lastKnownFileType = sourcecode.c.h; path = BLIP_Internal.h; sourceTree = "<group>"; };
		7781578A1698A50800C797C5 /* BLIPConnection.h */ = {isa = PBXFileReference; fileEncoding = 4; lastKnownFileType = sourcecode.c.h; path = BLIPConnection.h; sourceTree = "<group>"; };
		7781578B1698A50800C797C5 /* BLIPConnection.m */ = {isa = PBXFileReference; fileEncoding = 4; lastKnownFileType = sourcecode.c.objc; path = BLIPConnection.m; sourceTree = "<group>"; };
		7781578C1698A50800C797C5 /* BLIPDispatcher.h */ = {isa = PBXFileReference; fileEncoding = 4; lastKnownFileType = sourcecode.c.h; path = BLIPDispatcher.h; sourceTree = "<group>"; };
		7781578D1698A50800C797C5 /* BLIPDispatcher.m */ = {isa = PBXFileReference; fileEncoding = 4; lastKnownFileType = sourcecode.c.objc; path = BLIPDispatcher.m; sourceTree = "<group>"; };
		7781578E1698A50800C797C5 /* BLIPMessage.h */ = {isa = PBXFileReference; fileEncoding = 4; lastKnownFileType = sourcecode.c.h; path = BLIPMessage.h; sourceTree = "<group>"; };
		7781578F1698A50800C797C5 /* BLIPMessage.m */ = {isa = PBXFileReference; fileEncoding = 4; lastKnownFileType = sourcecode.c.objc; path = BLIPMessage.m; sourceTree = "<group>"; };
		778157901698A50800C797C5 /* BLIPProperties.h */ = {isa = PBXFileReference; fileEncoding = 4; lastKnownFileType = sourcecode.c.h; path = BLIPProperties.h; sourceTree = "<group>"; };
		778157911698A50800C797C5 /* BLIPProperties.m */ = {isa = PBXFileReference; fileEncoding = 4; lastKnownFileType = sourcecode.c.objc; path = BLIPProperties.m; sourceTree = "<group>"; };
		778157921698A50800C797C5 /* BLIPReader.h */ = {isa = PBXFileReference; fileEncoding = 4; lastKnownFileType = sourcecode.c.h; path = BLIPReader.h; sourceTree = "<group>"; };
		778157931698A50800C797C5 /* BLIPReader.m */ = {isa = PBXFileReference; fileEncoding = 4; lastKnownFileType = sourcecode.c.objc; path = BLIPReader.m; sourceTree = "<group>"; };
		778157941698A50800C797C5 /* BLIPRequest.h */ = {isa = PBXFileReference; fileEncoding = 4; lastKnownFileType = sourcecode.c.h; path = BLIPRequest.h; sourceTree = "<group>"; };
		778157951698A50800C797C5 /* BLIPRequest.m */ = {isa = PBXFileReference; fileEncoding = 4; lastKnownFileType = sourcecode.c.objc; path = BLIPRequest.m; sourceTree = "<group>"; };
		778157971698A50800C797C5 /* BLIPWriter.h */ = {isa = PBXFileReference; fileEncoding = 4; lastKnownFileType = sourcecode.c.h; path = BLIPWriter.h; sourceTree = "<group>"; };
		778157981698A50800C797C5 /* BLIPWriter.m */ = {isa = PBXFileReference; fileEncoding = 4; lastKnownFileType = sourcecode.c.objc; path = BLIPWriter.m; sourceTree = "<group>"; };
		778157A31698A50800C797C5 /* MYAddressLookup.h */ = {isa = PBXFileReference; fileEncoding = 4; lastKnownFileType = sourcecode.c.h; path = MYAddressLookup.h; sourceTree = "<group>"; };
		778157A41698A50800C797C5 /* MYAddressLookup.m */ = {isa = PBXFileReference; fileEncoding = 4; lastKnownFileType = sourcecode.c.objc; path = MYAddressLookup.m; sourceTree = "<group>"; };
		778157A51698A50800C797C5 /* MYBonjourBrowser.h */ = {isa = PBXFileReference; fileEncoding = 4; lastKnownFileType = sourcecode.c.h; path = MYBonjourBrowser.h; sourceTree = "<group>"; };
		778157A61698A50800C797C5 /* MYBonjourBrowser.m */ = {isa = PBXFileReference; fileEncoding = 4; lastKnownFileType = sourcecode.c.objc; path = MYBonjourBrowser.m; sourceTree = "<group>"; };
		778157A71698A50800C797C5 /* MYBonjourQuery.h */ = {isa = PBXFileReference; fileEncoding = 4; lastKnownFileType = sourcecode.c.h; path = MYBonjourQuery.h; sourceTree = "<group>"; };
		778157A81698A50800C797C5 /* MYBonjourQuery.m */ = {isa = PBXFileReference; fileEncoding = 4; lastKnownFileType = sourcecode.c.objc; path = MYBonjourQuery.m; sourceTree = "<group>"; };
		778157A91698A50800C797C5 /* MYBonjourRegistration.h */ = {isa = PBXFileReference; fileEncoding = 4; lastKnownFileType = sourcecode.c.h; path = MYBonjourRegistration.h; sourceTree = "<group>"; };
		778157AA1698A50800C797C5 /* MYBonjourRegistration.m */ = {isa = PBXFileReference; fileEncoding = 4; lastKnownFileType = sourcecode.c.objc; path = MYBonjourRegistration.m; sourceTree = "<group>"; };
		778157AB1698A50800C797C5 /* MYBonjourService.h */ = {isa = PBXFileReference; fileEncoding = 4; lastKnownFileType = sourcecode.c.h; path = MYBonjourService.h; sourceTree = "<group>"; };
		778157AC1698A50800C797C5 /* MYBonjourService.m */ = {isa = PBXFileReference; fileEncoding = 4; lastKnownFileType = sourcecode.c.objc; path = MYBonjourService.m; sourceTree = "<group>"; };
		778157AE1698A50800C797C5 /* MYDNSService.h */ = {isa = PBXFileReference; fileEncoding = 4; lastKnownFileType = sourcecode.c.h; path = MYDNSService.h; sourceTree = "<group>"; };
		778157AF1698A50800C797C5 /* MYDNSService.m */ = {isa = PBXFileReference; fileEncoding = 4; lastKnownFileType = sourcecode.c.objc; path = MYDNSService.m; sourceTree = "<group>"; };
		778157B01698A50800C797C5 /* MYPortMapper.h */ = {isa = PBXFileReference; fileEncoding = 4; lastKnownFileType = sourcecode.c.h; path = MYPortMapper.h; sourceTree = "<group>"; };
		778157B11698A50800C797C5 /* MYPortMapper.m */ = {isa = PBXFileReference; fileEncoding = 4; lastKnownFileType = sourcecode.c.objc; path = MYPortMapper.m; sourceTree = "<group>"; };
		778157B21698A50800C797C5 /* PortMapperTest.m */ = {isa = PBXFileReference; fileEncoding = 4; lastKnownFileType = sourcecode.c.objc; path = PortMapperTest.m; sourceTree = "<group>"; };
		778157B41698A50800C797C5 /* TCP_Internal.h */ = {isa = PBXFileReference; fileEncoding = 4; lastKnownFileType = sourcecode.c.h; path = TCP_Internal.h; sourceTree = "<group>"; };
		778157B51698A50800C797C5 /* TCPConnection.h */ = {isa = PBXFileReference; fileEncoding = 4; lastKnownFileType = sourcecode.c.h; path = TCPConnection.h; sourceTree = "<group>"; };
		778157B61698A50800C797C5 /* TCPConnection.m */ = {isa = PBXFileReference; fileEncoding = 4; lastKnownFileType = sourcecode.c.objc; path = TCPConnection.m; sourceTree = "<group>"; };
		778157B71698A50800C797C5 /* TCPEndpoint+Certs.m */ = {isa = PBXFileReference; fileEncoding = 4; lastKnownFileType = sourcecode.c.objc; path = "TCPEndpoint+Certs.m"; sourceTree = "<group>"; };
		778157B81698A50800C797C5 /* TCPEndpoint.h */ = {isa = PBXFileReference; fileEncoding = 4; lastKnownFileType = sourcecode.c.h; path = TCPEndpoint.h; sourceTree = "<group>"; };
		778157B91698A50800C797C5 /* TCPEndpoint.m */ = {isa = PBXFileReference; fileEncoding = 4; lastKnownFileType = sourcecode.c.objc; path = TCPEndpoint.m; sourceTree = "<group>"; };
		778157BA1698A50800C797C5 /* TCPListener.h */ = {isa = PBXFileReference; fileEncoding = 4; lastKnownFileType = sourcecode.c.h; path = TCPListener.h; sourceTree = "<group>"; };
		778157BB1698A50800C797C5 /* TCPListener.m */ = {isa = PBXFileReference; fileEncoding = 4; lastKnownFileType = sourcecode.c.objc; path = TCPListener.m; sourceTree = "<group>"; };
		778157BC1698A50800C797C5 /* TCPStream.h */ = {isa = PBXFileReference; fileEncoding = 4; lastKnownFileType = sourcecode.c.h; path = TCPStream.h; sourceTree = "<group>"; };
		778157BD1698A50800C797C5 /* TCPStream.m */ = {isa = PBXFileReference; fileEncoding = 4; lastKnownFileType = sourcecode.c.objc; path = TCPStream.m; sourceTree = "<group>"; };
		778157BE1698A50800C797C5 /* TCPWriter.h */ = {isa = PBXFileReference; fileEncoding = 4; lastKnownFileType = sourcecode.c.h; path = TCPWriter.h; sourceTree = "<group>"; };
		778157BF1698A50800C797C5 /* TCPWriter.m */ = {isa = PBXFileReference; fileEncoding = 4; lastKnownFileType = sourcecode.c.objc; path = TCPWriter.m; sourceTree = "<group>"; };
		778157DA1698A67F00C797C5 /* IPAddress.h */ = {isa = PBXFileReference; fileEncoding = 4; lastKnownFileType = sourcecode.c.h; name = IPAddress.h; path = Vendor/MYNetwork/IPAddress.h; sourceTree = "<group>"; };
		778157DB1698A67F00C797C5 /* IPAddress.m */ = {isa = PBXFileReference; fileEncoding = 4; lastKnownFileType = sourcecode.c.objc; name = IPAddress.m; path = Vendor/MYNetwork/IPAddress.m; sourceTree = "<group>"; };
		77AF959B166C5B70002CDE61 /* libBegonia.a */ = {isa = PBXFileReference; explicitFileType = archive.ar; includeInIndex = 0; path = libBegonia.a; sourceTree = BUILT_PRODUCTS_DIR; };
		77AF959C166C5B70002CDE61 /* Foundation.framework */ = {isa = PBXFileReference; lastKnownFileType = wrapper.framework; name = Foundation.framework; path = System/Library/Frameworks/Foundation.framework; sourceTree = SDKROOT; };
		77AF99BE166D94C5002CDE61 /* NSArray+ParseKitAdditions.h */ = {isa = PBXFileReference; lastKnownFileType = sourcecode.c.h; path = "NSArray+ParseKitAdditions.h"; sourceTree = "<group>"; };
		77AF99BF166D94C5002CDE61 /* NSArray+ParseKitAdditions.m */ = {isa = PBXFileReference; lastKnownFileType = sourcecode.c.objc; path = "NSArray+ParseKitAdditions.m"; sourceTree = "<group>"; };
		77AF99C0166D94C5002CDE61 /* NSString+ParseKitAdditions.h */ = {isa = PBXFileReference; lastKnownFileType = sourcecode.c.h; path = "NSString+ParseKitAdditions.h"; sourceTree = "<group>"; };
		77AF99C1166D94C5002CDE61 /* NSString+ParseKitAdditions.m */ = {isa = PBXFileReference; lastKnownFileType = sourcecode.c.objc; path = "NSString+ParseKitAdditions.m"; sourceTree = "<group>"; };
		77AF99C2166D94C5002CDE61 /* PKAlternation.m */ = {isa = PBXFileReference; lastKnownFileType = sourcecode.c.objc; path = PKAlternation.m; sourceTree = "<group>"; };
		77AF99C3166D94C5002CDE61 /* PKAny.m */ = {isa = PBXFileReference; lastKnownFileType = sourcecode.c.objc; path = PKAny.m; sourceTree = "<group>"; };
		77AF99C4166D94C5002CDE61 /* PKAssembly.m */ = {isa = PBXFileReference; lastKnownFileType = sourcecode.c.objc; path = PKAssembly.m; sourceTree = "<group>"; };
		77AF99C5166D94C5002CDE61 /* PKCaseInsensitiveLiteral.m */ = {isa = PBXFileReference; lastKnownFileType = sourcecode.c.objc; path = PKCaseInsensitiveLiteral.m; sourceTree = "<group>"; };
		77AF99C6166D94C5002CDE61 /* PKChar.m */ = {isa = PBXFileReference; lastKnownFileType = sourcecode.c.objc; path = PKChar.m; sourceTree = "<group>"; };
		77AF99C7166D94C5002CDE61 /* PKCharacterAssembly.m */ = {isa = PBXFileReference; lastKnownFileType = sourcecode.c.objc; path = PKCharacterAssembly.m; sourceTree = "<group>"; };
		77AF99C8166D94C5002CDE61 /* PKCollectionParser.m */ = {isa = PBXFileReference; lastKnownFileType = sourcecode.c.objc; path = PKCollectionParser.m; sourceTree = "<group>"; };
		77AF99C9166D94C5002CDE61 /* PKComment.m */ = {isa = PBXFileReference; lastKnownFileType = sourcecode.c.objc; path = PKComment.m; sourceTree = "<group>"; };
		77AF99CA166D94C5002CDE61 /* PKCommentState.m */ = {isa = PBXFileReference; lastKnownFileType = sourcecode.c.objc; path = PKCommentState.m; sourceTree = "<group>"; };
		77AF99CB166D94C5002CDE61 /* PKDelimitedString.m */ = {isa = PBXFileReference; lastKnownFileType = sourcecode.c.objc; path = PKDelimitedString.m; sourceTree = "<group>"; };
		77AF99CC166D94C5002CDE61 /* PKDelimitState.m */ = {isa = PBXFileReference; lastKnownFileType = sourcecode.c.objc; path = PKDelimitState.m; sourceTree = "<group>"; };
		77AF99CD166D94C5002CDE61 /* PKDifference.m */ = {isa = PBXFileReference; lastKnownFileType = sourcecode.c.objc; path = PKDifference.m; sourceTree = "<group>"; };
		77AF99CE166D94C5002CDE61 /* PKDigit.m */ = {isa = PBXFileReference; lastKnownFileType = sourcecode.c.objc; path = PKDigit.m; sourceTree = "<group>"; };
		77AF99CF166D94C5002CDE61 /* PKEmailState.m */ = {isa = PBXFileReference; lastKnownFileType = sourcecode.c.objc; path = PKEmailState.m; sourceTree = "<group>"; };
		77AF99D0166D94C5002CDE61 /* PKEmpty.m */ = {isa = PBXFileReference; lastKnownFileType = sourcecode.c.objc; path = PKEmpty.m; sourceTree = "<group>"; };
		77AF99D1166D94C5002CDE61 /* PKGrammarParser.h */ = {isa = PBXFileReference; lastKnownFileType = sourcecode.c.h; path = PKGrammarParser.h; sourceTree = "<group>"; };
		77AF99D2166D94C5002CDE61 /* PKGrammarParser.m */ = {isa = PBXFileReference; lastKnownFileType = sourcecode.c.objc; path = PKGrammarParser.m; sourceTree = "<group>"; };
		77AF99D3166D94C5002CDE61 /* PKHashtagState.m */ = {isa = PBXFileReference; lastKnownFileType = sourcecode.c.objc; path = PKHashtagState.m; sourceTree = "<group>"; };
		77AF99D4166D94C5002CDE61 /* PKIntersection.m */ = {isa = PBXFileReference; lastKnownFileType = sourcecode.c.objc; path = PKIntersection.m; sourceTree = "<group>"; };
		77AF99D5166D94C5002CDE61 /* PKLetter.m */ = {isa = PBXFileReference; lastKnownFileType = sourcecode.c.objc; path = PKLetter.m; sourceTree = "<group>"; };
		77AF99D6166D94C5002CDE61 /* PKLiteral.m */ = {isa = PBXFileReference; lastKnownFileType = sourcecode.c.objc; path = PKLiteral.m; sourceTree = "<group>"; };
		77AF99D7166D94C5002CDE61 /* PKLowercaseWord.m */ = {isa = PBXFileReference; lastKnownFileType = sourcecode.c.objc; path = PKLowercaseWord.m; sourceTree = "<group>"; };
		77AF99D8166D94C5002CDE61 /* PKMultiLineCommentState.m */ = {isa = PBXFileReference; lastKnownFileType = sourcecode.c.objc; path = PKMultiLineCommentState.m; sourceTree = "<group>"; };
		77AF99D9166D94C5002CDE61 /* PKNegation.m */ = {isa = PBXFileReference; lastKnownFileType = sourcecode.c.objc; path = PKNegation.m; sourceTree = "<group>"; };
		77AF99DA166D94C5002CDE61 /* PKNumber.m */ = {isa = PBXFileReference; lastKnownFileType = sourcecode.c.objc; path = PKNumber.m; sourceTree = "<group>"; };
		77AF99DB166D94C5002CDE61 /* PKNumberState.m */ = {isa = PBXFileReference; lastKnownFileType = sourcecode.c.objc; path = PKNumberState.m; sourceTree = "<group>"; };
		77AF99DC166D94C5002CDE61 /* PKParser.m */ = {isa = PBXFileReference; lastKnownFileType = sourcecode.c.objc; path = PKParser.m; sourceTree = "<group>"; };
		77AF99DD166D94C5002CDE61 /* PKParserFactory.m */ = {isa = PBXFileReference; lastKnownFileType = sourcecode.c.objc; path = PKParserFactory.m; sourceTree = "<group>"; };
		77AF99DE166D94C5002CDE61 /* PKPattern.m */ = {isa = PBXFileReference; lastKnownFileType = sourcecode.c.objc; path = PKPattern.m; sourceTree = "<group>"; };
		77AF99DF166D94C5002CDE61 /* PKQuotedString.m */ = {isa = PBXFileReference; lastKnownFileType = sourcecode.c.objc; path = PKQuotedString.m; sourceTree = "<group>"; };
		77AF99E0166D94C5002CDE61 /* PKQuoteState.m */ = {isa = PBXFileReference; lastKnownFileType = sourcecode.c.objc; path = PKQuoteState.m; sourceTree = "<group>"; };
		77AF99E1166D94C5002CDE61 /* PKReader.m */ = {isa = PBXFileReference; lastKnownFileType = sourcecode.c.objc; path = PKReader.m; sourceTree = "<group>"; };
		77AF99E2166D94C5002CDE61 /* PKRepetition.m */ = {isa = PBXFileReference; lastKnownFileType = sourcecode.c.objc; path = PKRepetition.m; sourceTree = "<group>"; };
		77AF99E3166D94C5002CDE61 /* PKSequence.m */ = {isa = PBXFileReference; lastKnownFileType = sourcecode.c.objc; path = PKSequence.m; sourceTree = "<group>"; };
		77AF99E4166D94C5002CDE61 /* PKSingleLineCommentState.m */ = {isa = PBXFileReference; lastKnownFileType = sourcecode.c.objc; path = PKSingleLineCommentState.m; sourceTree = "<group>"; };
		77AF99E5166D94C5002CDE61 /* PKSpecificChar.m */ = {isa = PBXFileReference; lastKnownFileType = sourcecode.c.objc; path = PKSpecificChar.m; sourceTree = "<group>"; };
		77AF99E6166D94C5002CDE61 /* PKSymbol.m */ = {isa = PBXFileReference; lastKnownFileType = sourcecode.c.objc; path = PKSymbol.m; sourceTree = "<group>"; };
		77AF99E7166D94C5002CDE61 /* PKSymbolNode.m */ = {isa = PBXFileReference; lastKnownFileType = sourcecode.c.objc; path = PKSymbolNode.m; sourceTree = "<group>"; };
		77AF99E8166D94C5002CDE61 /* PKSymbolRootNode.m */ = {isa = PBXFileReference; lastKnownFileType = sourcecode.c.objc; path = PKSymbolRootNode.m; sourceTree = "<group>"; };
		77AF99E9166D94C5002CDE61 /* PKSymbolState.m */ = {isa = PBXFileReference; lastKnownFileType = sourcecode.c.objc; path = PKSymbolState.m; sourceTree = "<group>"; };
		77AF99EA166D94C5002CDE61 /* PKTerminal.m */ = {isa = PBXFileReference; lastKnownFileType = sourcecode.c.objc; path = PKTerminal.m; sourceTree = "<group>"; };
		77AF99EB166D94C5002CDE61 /* PKToken.m */ = {isa = PBXFileReference; lastKnownFileType = sourcecode.c.objc; path = PKToken.m; sourceTree = "<group>"; };
		77AF99EC166D94C5002CDE61 /* PKTokenArraySource.m */ = {isa = PBXFileReference; lastKnownFileType = sourcecode.c.objc; path = PKTokenArraySource.m; sourceTree = "<group>"; };
		77AF99ED166D94C5002CDE61 /* PKTokenAssembly.m */ = {isa = PBXFileReference; lastKnownFileType = sourcecode.c.objc; path = PKTokenAssembly.m; sourceTree = "<group>"; };
		77AF99EE166D94C5002CDE61 /* PKTokenizer.m */ = {isa = PBXFileReference; lastKnownFileType = sourcecode.c.objc; path = PKTokenizer.m; sourceTree = "<group>"; };
		77AF99EF166D94C5002CDE61 /* PKTokenizerState.m */ = {isa = PBXFileReference; lastKnownFileType = sourcecode.c.objc; path = PKTokenizerState.m; sourceTree = "<group>"; };
		77AF99F0166D94C5002CDE61 /* PKTrack.m */ = {isa = PBXFileReference; lastKnownFileType = sourcecode.c.objc; path = PKTrack.m; sourceTree = "<group>"; };
		77AF99F1166D94C5002CDE61 /* PKTrackException.m */ = {isa = PBXFileReference; lastKnownFileType = sourcecode.c.objc; path = PKTrackException.m; sourceTree = "<group>"; };
		77AF99F2166D94C5002CDE61 /* PKTwitterState.m */ = {isa = PBXFileReference; lastKnownFileType = sourcecode.c.objc; path = PKTwitterState.m; sourceTree = "<group>"; };
		77AF99F3166D94C5002CDE61 /* PKUppercaseWord.m */ = {isa = PBXFileReference; lastKnownFileType = sourcecode.c.objc; path = PKUppercaseWord.m; sourceTree = "<group>"; };
		77AF99F4166D94C5002CDE61 /* PKURLState.m */ = {isa = PBXFileReference; lastKnownFileType = sourcecode.c.objc; path = PKURLState.m; sourceTree = "<group>"; };
		77AF99F5166D94C5002CDE61 /* PKWhitespace.m */ = {isa = PBXFileReference; lastKnownFileType = sourcecode.c.objc; path = PKWhitespace.m; sourceTree = "<group>"; };
		77AF99F6166D94C5002CDE61 /* PKWhitespaceState.m */ = {isa = PBXFileReference; lastKnownFileType = sourcecode.c.objc; path = PKWhitespaceState.m; sourceTree = "<group>"; };
		77AF99F7166D94C5002CDE61 /* PKWord.m */ = {isa = PBXFileReference; lastKnownFileType = sourcecode.c.objc; path = PKWord.m; sourceTree = "<group>"; };
		77AF99F8166D94C5002CDE61 /* PKWordState.m */ = {isa = PBXFileReference; lastKnownFileType = sourcecode.c.objc; path = PKWordState.m; sourceTree = "<group>"; };
		77AF99F9166D94C5002CDE61 /* RegexKitLite.h */ = {isa = PBXFileReference; lastKnownFileType = sourcecode.c.h; path = RegexKitLite.h; sourceTree = "<group>"; };
		77AF99FA166D94C5002CDE61 /* RegexKitLite.m */ = {isa = PBXFileReference; lastKnownFileType = sourcecode.c.objc; path = RegexKitLite.m; sourceTree = "<group>"; };
		77AF99FE166D956A002CDE61 /* ParseKit.h */ = {isa = PBXFileReference; fileEncoding = 4; lastKnownFileType = sourcecode.c.h; path = ParseKit.h; sourceTree = "<group>"; };
		77AF99FF166D956A002CDE61 /* PKAlternation.h */ = {isa = PBXFileReference; fileEncoding = 4; lastKnownFileType = sourcecode.c.h; path = PKAlternation.h; sourceTree = "<group>"; };
		77AF9A00166D956A002CDE61 /* PKAny.h */ = {isa = PBXFileReference; fileEncoding = 4; lastKnownFileType = sourcecode.c.h; path = PKAny.h; sourceTree = "<group>"; };
		77AF9A01166D956A002CDE61 /* PKAssembly.h */ = {isa = PBXFileReference; fileEncoding = 4; lastKnownFileType = sourcecode.c.h; path = PKAssembly.h; sourceTree = "<group>"; };
		77AF9A02166D956A002CDE61 /* PKCaseInsensitiveLiteral.h */ = {isa = PBXFileReference; fileEncoding = 4; lastKnownFileType = sourcecode.c.h; path = PKCaseInsensitiveLiteral.h; sourceTree = "<group>"; };
		77AF9A03166D956A002CDE61 /* PKChar.h */ = {isa = PBXFileReference; fileEncoding = 4; lastKnownFileType = sourcecode.c.h; path = PKChar.h; sourceTree = "<group>"; };
		77AF9A04166D956A002CDE61 /* PKCharacterAssembly.h */ = {isa = PBXFileReference; fileEncoding = 4; lastKnownFileType = sourcecode.c.h; path = PKCharacterAssembly.h; sourceTree = "<group>"; };
		77AF9A05166D956A002CDE61 /* PKCollectionParser.h */ = {isa = PBXFileReference; fileEncoding = 4; lastKnownFileType = sourcecode.c.h; path = PKCollectionParser.h; sourceTree = "<group>"; };
		77AF9A06166D956A002CDE61 /* PKComment.h */ = {isa = PBXFileReference; fileEncoding = 4; lastKnownFileType = sourcecode.c.h; path = PKComment.h; sourceTree = "<group>"; };
		77AF9A07166D956A002CDE61 /* PKCommentState.h */ = {isa = PBXFileReference; fileEncoding = 4; lastKnownFileType = sourcecode.c.h; path = PKCommentState.h; sourceTree = "<group>"; };
		77AF9A08166D956A002CDE61 /* PKDelimitedString.h */ = {isa = PBXFileReference; fileEncoding = 4; lastKnownFileType = sourcecode.c.h; path = PKDelimitedString.h; sourceTree = "<group>"; };
		77AF9A09166D956A002CDE61 /* PKDelimitState.h */ = {isa = PBXFileReference; fileEncoding = 4; lastKnownFileType = sourcecode.c.h; path = PKDelimitState.h; sourceTree = "<group>"; };
		77AF9A0A166D956A002CDE61 /* PKDifference.h */ = {isa = PBXFileReference; fileEncoding = 4; lastKnownFileType = sourcecode.c.h; path = PKDifference.h; sourceTree = "<group>"; };
		77AF9A0B166D956A002CDE61 /* PKDigit.h */ = {isa = PBXFileReference; fileEncoding = 4; lastKnownFileType = sourcecode.c.h; path = PKDigit.h; sourceTree = "<group>"; };
		77AF9A0C166D956A002CDE61 /* PKEmailState.h */ = {isa = PBXFileReference; fileEncoding = 4; lastKnownFileType = sourcecode.c.h; path = PKEmailState.h; sourceTree = "<group>"; };
		77AF9A0D166D956A002CDE61 /* PKEmpty.h */ = {isa = PBXFileReference; fileEncoding = 4; lastKnownFileType = sourcecode.c.h; path = PKEmpty.h; sourceTree = "<group>"; };
		77AF9A0E166D956A002CDE61 /* PKHashtagState.h */ = {isa = PBXFileReference; fileEncoding = 4; lastKnownFileType = sourcecode.c.h; path = PKHashtagState.h; sourceTree = "<group>"; };
		77AF9A0F166D956A002CDE61 /* PKIntersection.h */ = {isa = PBXFileReference; fileEncoding = 4; lastKnownFileType = sourcecode.c.h; path = PKIntersection.h; sourceTree = "<group>"; };
		77AF9A10166D956A002CDE61 /* PKLetter.h */ = {isa = PBXFileReference; fileEncoding = 4; lastKnownFileType = sourcecode.c.h; path = PKLetter.h; sourceTree = "<group>"; };
		77AF9A11166D956A002CDE61 /* PKLiteral.h */ = {isa = PBXFileReference; fileEncoding = 4; lastKnownFileType = sourcecode.c.h; path = PKLiteral.h; sourceTree = "<group>"; };
		77AF9A12166D956A002CDE61 /* PKLowercaseWord.h */ = {isa = PBXFileReference; fileEncoding = 4; lastKnownFileType = sourcecode.c.h; path = PKLowercaseWord.h; sourceTree = "<group>"; };
		77AF9A13166D956A002CDE61 /* PKMultiLineCommentState.h */ = {isa = PBXFileReference; fileEncoding = 4; lastKnownFileType = sourcecode.c.h; path = PKMultiLineCommentState.h; sourceTree = "<group>"; };
		77AF9A14166D956A002CDE61 /* PKNegation.h */ = {isa = PBXFileReference; fileEncoding = 4; lastKnownFileType = sourcecode.c.h; path = PKNegation.h; sourceTree = "<group>"; };
		77AF9A15166D956A002CDE61 /* PKNumber.h */ = {isa = PBXFileReference; fileEncoding = 4; lastKnownFileType = sourcecode.c.h; path = PKNumber.h; sourceTree = "<group>"; };
		77AF9A16166D956A002CDE61 /* PKNumberState.h */ = {isa = PBXFileReference; fileEncoding = 4; lastKnownFileType = sourcecode.c.h; path = PKNumberState.h; sourceTree = "<group>"; };
		77AF9A17166D956A002CDE61 /* PKParser.h */ = {isa = PBXFileReference; fileEncoding = 4; lastKnownFileType = sourcecode.c.h; path = PKParser.h; sourceTree = "<group>"; };
		77AF9A18166D956A002CDE61 /* PKParserFactory.h */ = {isa = PBXFileReference; fileEncoding = 4; lastKnownFileType = sourcecode.c.h; path = PKParserFactory.h; sourceTree = "<group>"; };
		77AF9A19166D956A002CDE61 /* PKPattern.h */ = {isa = PBXFileReference; fileEncoding = 4; lastKnownFileType = sourcecode.c.h; path = PKPattern.h; sourceTree = "<group>"; };
		77AF9A1A166D956A002CDE61 /* PKQuotedString.h */ = {isa = PBXFileReference; fileEncoding = 4; lastKnownFileType = sourcecode.c.h; path = PKQuotedString.h; sourceTree = "<group>"; };
		77AF9A1B166D956A002CDE61 /* PKQuoteState.h */ = {isa = PBXFileReference; fileEncoding = 4; lastKnownFileType = sourcecode.c.h; path = PKQuoteState.h; sourceTree = "<group>"; };
		77AF9A1C166D956A002CDE61 /* PKReader.h */ = {isa = PBXFileReference; fileEncoding = 4; lastKnownFileType = sourcecode.c.h; path = PKReader.h; sourceTree = "<group>"; };
		77AF9A1D166D956A002CDE61 /* PKRepetition.h */ = {isa = PBXFileReference; fileEncoding = 4; lastKnownFileType = sourcecode.c.h; path = PKRepetition.h; sourceTree = "<group>"; };
		77AF9A1E166D956A002CDE61 /* PKSequence.h */ = {isa = PBXFileReference; fileEncoding = 4; lastKnownFileType = sourcecode.c.h; path = PKSequence.h; sourceTree = "<group>"; };
		77AF9A1F166D956A002CDE61 /* PKSingleLineCommentState.h */ = {isa = PBXFileReference; fileEncoding = 4; lastKnownFileType = sourcecode.c.h; path = PKSingleLineCommentState.h; sourceTree = "<group>"; };
		77AF9A20166D956A002CDE61 /* PKSpecificChar.h */ = {isa = PBXFileReference; fileEncoding = 4; lastKnownFileType = sourcecode.c.h; path = PKSpecificChar.h; sourceTree = "<group>"; };
		77AF9A21166D956A002CDE61 /* PKSymbol.h */ = {isa = PBXFileReference; fileEncoding = 4; lastKnownFileType = sourcecode.c.h; path = PKSymbol.h; sourceTree = "<group>"; };
		77AF9A22166D956A002CDE61 /* PKSymbolNode.h */ = {isa = PBXFileReference; fileEncoding = 4; lastKnownFileType = sourcecode.c.h; path = PKSymbolNode.h; sourceTree = "<group>"; };
		77AF9A23166D956A002CDE61 /* PKSymbolRootNode.h */ = {isa = PBXFileReference; fileEncoding = 4; lastKnownFileType = sourcecode.c.h; path = PKSymbolRootNode.h; sourceTree = "<group>"; };
		77AF9A24166D956A002CDE61 /* PKSymbolState.h */ = {isa = PBXFileReference; fileEncoding = 4; lastKnownFileType = sourcecode.c.h; path = PKSymbolState.h; sourceTree = "<group>"; };
		77AF9A25166D956A002CDE61 /* PKTerminal.h */ = {isa = PBXFileReference; fileEncoding = 4; lastKnownFileType = sourcecode.c.h; path = PKTerminal.h; sourceTree = "<group>"; };
		77AF9A26166D956A002CDE61 /* PKToken.h */ = {isa = PBXFileReference; fileEncoding = 4; lastKnownFileType = sourcecode.c.h; path = PKToken.h; sourceTree = "<group>"; };
		77AF9A27166D956A002CDE61 /* PKTokenArraySource.h */ = {isa = PBXFileReference; fileEncoding = 4; lastKnownFileType = sourcecode.c.h; path = PKTokenArraySource.h; sourceTree = "<group>"; };
		77AF9A28166D956A002CDE61 /* PKTokenAssembly.h */ = {isa = PBXFileReference; fileEncoding = 4; lastKnownFileType = sourcecode.c.h; path = PKTokenAssembly.h; sourceTree = "<group>"; };
		77AF9A29166D956A002CDE61 /* PKTokenizer.h */ = {isa = PBXFileReference; fileEncoding = 4; lastKnownFileType = sourcecode.c.h; path = PKTokenizer.h; sourceTree = "<group>"; };
		77AF9A2A166D956A002CDE61 /* PKTokenizerState.h */ = {isa = PBXFileReference; fileEncoding = 4; lastKnownFileType = sourcecode.c.h; path = PKTokenizerState.h; sourceTree = "<group>"; };
		77AF9A2B166D956A002CDE61 /* PKTrack.h */ = {isa = PBXFileReference; fileEncoding = 4; lastKnownFileType = sourcecode.c.h; path = PKTrack.h; sourceTree = "<group>"; };
		77AF9A2C166D956A002CDE61 /* PKTrackException.h */ = {isa = PBXFileReference; fileEncoding = 4; lastKnownFileType = sourcecode.c.h; path = PKTrackException.h; sourceTree = "<group>"; };
		77AF9A2D166D956A002CDE61 /* PKTwitterState.h */ = {isa = PBXFileReference; fileEncoding = 4; lastKnownFileType = sourcecode.c.h; path = PKTwitterState.h; sourceTree = "<group>"; };
		77AF9A2E166D956A002CDE61 /* PKTypes.h */ = {isa = PBXFileReference; fileEncoding = 4; lastKnownFileType = sourcecode.c.h; path = PKTypes.h; sourceTree = "<group>"; };
		77AF9A2F166D956A002CDE61 /* PKUppercaseWord.h */ = {isa = PBXFileReference; fileEncoding = 4; lastKnownFileType = sourcecode.c.h; path = PKUppercaseWord.h; sourceTree = "<group>"; };
		77AF9A30166D956A002CDE61 /* PKURLState.h */ = {isa = PBXFileReference; fileEncoding = 4; lastKnownFileType = sourcecode.c.h; path = PKURLState.h; sourceTree = "<group>"; };
		77AF9A31166D956A002CDE61 /* PKWhitespace.h */ = {isa = PBXFileReference; fileEncoding = 4; lastKnownFileType = sourcecode.c.h; path = PKWhitespace.h; sourceTree = "<group>"; };
		77AF9A32166D956A002CDE61 /* PKWhitespaceState.h */ = {isa = PBXFileReference; fileEncoding = 4; lastKnownFileType = sourcecode.c.h; path = PKWhitespaceState.h; sourceTree = "<group>"; };
		77AF9A33166D956A002CDE61 /* PKWord.h */ = {isa = PBXFileReference; fileEncoding = 4; lastKnownFileType = sourcecode.c.h; path = PKWord.h; sourceTree = "<group>"; };
		77AF9A34166D956A002CDE61 /* PKWordState.h */ = {isa = PBXFileReference; fileEncoding = 4; lastKnownFileType = sourcecode.c.h; path = PKWordState.h; sourceTree = "<group>"; };
		77BF377E1633263A006B5EF4 /* NSObject+BGNConstruction.h */ = {isa = PBXFileReference; fileEncoding = 4; lastKnownFileType = sourcecode.c.h; path = "NSObject+BGNConstruction.h"; sourceTree = "<group>"; };
		77BF377F1633263A006B5EF4 /* NSObject+BGNConstruction.m */ = {isa = PBXFileReference; fileEncoding = 4; lastKnownFileType = sourcecode.c.objc; path = "NSObject+BGNConstruction.m"; sourceTree = "<group>"; };
		77BF378216332796006B5EF4 /* NSMutableArray+BGNStack.h */ = {isa = PBXFileReference; fileEncoding = 4; lastKnownFileType = sourcecode.c.h; path = "NSMutableArray+BGNStack.h"; sourceTree = "<group>"; };
		77BF378316332796006B5EF4 /* NSMutableArray+BGNStack.m */ = {isa = PBXFileReference; fileEncoding = 4; lastKnownFileType = sourcecode.c.objc; path = "NSMutableArray+BGNStack.m"; sourceTree = "<group>"; };
		77BF378516334A1B006B5EF4 /* NSArray+Functional.h */ = {isa = PBXFileReference; fileEncoding = 4; lastKnownFileType = sourcecode.c.h; path = "NSArray+Functional.h"; sourceTree = "<group>"; };
		77BF378616334A1B006B5EF4 /* NSArray+Functional.m */ = {isa = PBXFileReference; fileEncoding = 4; lastKnownFileType = sourcecode.c.objc; path = "NSArray+Functional.m"; sourceTree = "<group>"; };
		77CA9781166006C5007B7F62 /* BGNPatternVisitor.h */ = {isa = PBXFileReference; fileEncoding = 4; lastKnownFileType = sourcecode.c.h; path = BGNPatternVisitor.h; sourceTree = "<group>"; };
		77CA9782166006C5007B7F62 /* BGNPatternVisitor.m */ = {isa = PBXFileReference; fileEncoding = 4; lastKnownFileType = sourcecode.c.objc; path = BGNPatternVisitor.m; sourceTree = "<group>"; };
		77CA978C1662BFB3007B7F62 /* BGNCocoaRouter.h */ = {isa = PBXFileReference; fileEncoding = 4; lastKnownFileType = sourcecode.c.h; path = BGNCocoaRouter.h; sourceTree = "<group>"; };
		77CA978D1662BFB3007B7F62 /* BGNCocoaRouter.m */ = {isa = PBXFileReference; fileEncoding = 4; lastKnownFileType = sourcecode.c.objc; path = BGNCocoaRouter.m; sourceTree = "<group>"; };
		77D11F8D162E25F0008E2A6E /* BGNPrecedenceParser.h */ = {isa = PBXFileReference; fileEncoding = 4; lastKnownFileType = sourcecode.c.h; path = BGNPrecedenceParser.h; sourceTree = "<group>"; };
		77D11F8E162E25F0008E2A6E /* BGNPrecedenceParser.m */ = {isa = PBXFileReference; fileEncoding = 4; lastKnownFileType = sourcecode.c.objc; path = BGNPrecedenceParser.m; sourceTree = "<group>"; };
		77D4E9C5164ED4D000CA3C65 /* BGNValue.h */ = {isa = PBXFileReference; fileEncoding = 4; lastKnownFileType = sourcecode.c.h; path = BGNValue.h; sourceTree = "<group>"; };
		77D4E9C6164ED4D000CA3C65 /* BGNValue.m */ = {isa = PBXFileReference; fileEncoding = 4; lastKnownFileType = sourcecode.c.objc; path = BGNValue.m; sourceTree = "<group>"; };
		77D4E9C8164F3DE000CA3C65 /* BGNEnvironment.h */ = {isa = PBXFileReference; fileEncoding = 4; lastKnownFileType = sourcecode.c.h; path = BGNEnvironment.h; sourceTree = "<group>"; };
		77D4E9C9164F3DE000CA3C65 /* BGNEnvironment.m */ = {isa = PBXFileReference; fileEncoding = 4; lastKnownFileType = sourcecode.c.objc; path = BGNEnvironment.m; sourceTree = "<group>"; };
		77D4E9CB16508E4700CA3C65 /* BGNTopDeclVisitor.h */ = {isa = PBXFileReference; fileEncoding = 4; lastKnownFileType = sourcecode.c.h; path = BGNTopDeclVisitor.h; sourceTree = "<group>"; };
		77D4E9CC16508E4700CA3C65 /* BGNTopDeclVisitor.m */ = {isa = PBXFileReference; fileEncoding = 4; lastKnownFileType = sourcecode.c.objc; path = BGNTopDeclVisitor.m; sourceTree = "<group>"; };
		77D4E9F91658118500CA3C65 /* BGNExpVisitor.h */ = {isa = PBXFileReference; fileEncoding = 4; lastKnownFileType = sourcecode.c.h; path = BGNExpVisitor.h; sourceTree = "<group>"; };
		77D4E9FA1658118500CA3C65 /* BGNExpVisitor.m */ = {isa = PBXFileReference; fileEncoding = 4; lastKnownFileType = sourcecode.c.objc; path = BGNExpVisitor.m; sourceTree = "<group>"; };
		77D4E9FC16598E4900CA3C65 /* BGNPrimops.h */ = {isa = PBXFileReference; fileEncoding = 4; lastKnownFileType = sourcecode.c.h; path = BGNPrimops.h; sourceTree = "<group>"; };
		77D4E9FD16598E4A00CA3C65 /* BGNPrimops.m */ = {isa = PBXFileReference; fileEncoding = 4; lastKnownFileType = sourcecode.c.objc; path = BGNPrimops.m; sourceTree = "<group>"; };
		77D4E9FF165DCE6700CA3C65 /* BGNPrelude.h */ = {isa = PBXFileReference; fileEncoding = 4; lastKnownFileType = sourcecode.c.h; path = BGNPrelude.h; sourceTree = "<group>"; };
		77D4EA00165DCE6800CA3C65 /* BGNPrelude.m */ = {isa = PBXFileReference; fileEncoding = 4; lastKnownFileType = sourcecode.c.objc; path = BGNPrelude.m; sourceTree = "<group>"; };
		77EE6A98164738880088C1F5 /* BGNModuleManager.h */ = {isa = PBXFileReference; fileEncoding = 4; lastKnownFileType = sourcecode.c.h; path = BGNModuleManager.h; sourceTree = "<group>"; };
		77EE6A99164738880088C1F5 /* BGNModuleManager.m */ = {isa = PBXFileReference; fileEncoding = 4; lastKnownFileType = sourcecode.c.objc; path = BGNModuleManager.m; sourceTree = "<group>"; };
		7F7F98A2839141F3A9137BE6 /* libPods.a */ = {isa = PBXFileReference; explicitFileType = archive.ar; includeInIndex = 0; path = libPods.a; sourceTree = BUILT_PRODUCTS_DIR; };
		DB1E54DE29BB4536B3849353 /* libPods.a */ = {isa = PBXFileReference; explicitFileType = archive.ar; includeInIndex = 0; path = libPods.a; sourceTree = BUILT_PRODUCTS_DIR; };
/* End PBXFileReference section */

/* Begin PBXFrameworksBuildPhase section */
		77AF9598166C5B70002CDE61 /* Frameworks */ = {
			isa = PBXFrameworksBuildPhase;
			buildActionMask = 2147483647;
			files = (
				77AF959D166C5B70002CDE61 /* Foundation.framework in Frameworks */,
			);
			runOnlyForDeploymentPostprocessing = 0;
		};
/* End PBXFrameworksBuildPhase section */

/* Begin PBXGroup section */
		7705AAF41669BB1800ACF87A /* Server */ = {
			isa = PBXGroup;
			children = (
				7705AAF01669BB1400ACF87A /* BGNServer.h */,
				7705AAF11669BB1400ACF87A /* BGNServer.m */,
			);
			name = Server;
			sourceTree = "<group>";
		};
		773EC334160EAE8D00DF8624 = {
			isa = PBXGroup;
			children = (
				778157D91698A51300C797C5 /* Vendor */,
				773EC349160EAE8D00DF8624 /* Begonia */,
				773EC342160EAE8D00DF8624 /* Frameworks */,
				773EC340160EAE8D00DF8624 /* Products */,
			);
			sourceTree = "<group>";
		};
		773EC340160EAE8D00DF8624 /* Products */ = {
			isa = PBXGroup;
			children = (
				77AF959B166C5B70002CDE61 /* libBegonia.a */,
			);
			name = Products;
			sourceTree = "<group>";
		};
		773EC342160EAE8D00DF8624 /* Frameworks */ = {
			isa = PBXGroup;
			children = (
				773EC38A160EC4BD00DF8624 /* QuartzCore.framework */,
				773EC343160EAE8D00DF8624 /* Cocoa.framework */,
				77AF959C166C5B70002CDE61 /* Foundation.framework */,
				773EC345160EAE8D00DF8624 /* Other Frameworks */,
				DB1E54DE29BB4536B3849353 /* libPods.a */,
				7F7F98A2839141F3A9137BE6 /* libPods.a */,
			);
			name = Frameworks;
			sourceTree = "<group>";
		};
		773EC345160EAE8D00DF8624 /* Other Frameworks */ = {
			isa = PBXGroup;
			children = (
				773EC346160EAE8D00DF8624 /* AppKit.framework */,
				773EC347160EAE8D00DF8624 /* CoreData.framework */,
				773EC348160EAE8D00DF8624 /* Foundation.framework */,
			);
			name = "Other Frameworks";
			sourceTree = "<group>";
		};
		773EC349160EAE8D00DF8624 /* Begonia */ = {
			isa = PBXGroup;
			children = (
				77BF378816334A20006B5EF4 /* Foundation Additions */,
				773EC369160EBA6400DF8624 /* ADLViewerWindowController.h */,
				773EC36A160EBA6400DF8624 /* ADLViewerWindowController.m */,
				7705AAF41669BB1800ACF87A /* Server */,
				773EC392160F542000DF8624 /* Lang */,
				773EC355160EAE8D00DF8624 /* ADLAppDelegate.h */,
				773EC356160EAE8D00DF8624 /* ADLAppDelegate.m */,
				773EC38C160EC51300DF8624 /* ADLGradientView.h */,
				773EC38D160EC51300DF8624 /* ADLGradientView.m */,
				773EC36C160EBCD900DF8624 /* ADLFileAcceptorView.h */,
				773EC36D160EBCD900DF8624 /* ADLFileAcceptorView.m */,
				773EC366160EB45A00DF8624 /* ADLFileWatcher.h */,
				773EC367160EB45A00DF8624 /* ADLFileWatcher.m */,
				773EC358160EAE8D00DF8624 /* MainMenu.xib */,
				773EC388160EC1ED00DF8624 /* ADLFileAcceptorView.xib */,
				773EC36F160EBDF300DF8624 /* ADLViewerWindowController.xib */,
				773EC34A160EAE8D00DF8624 /* Supporting Files */,
			);
			path = Begonia;
			sourceTree = "<group>";
		};
		773EC34A160EAE8D00DF8624 /* Supporting Files */ = {
			isa = PBXGroup;
			children = (
				773EC351160EAE8D00DF8624 /* Begonia-Prefix.pch */,
			);
			name = "Supporting Files";
			sourceTree = "<group>";
		};
		773EC392160F542000DF8624 /* Lang */ = {
			isa = PBXGroup;
			children = (
				77CA978C1662BFB3007B7F62 /* BGNCocoaRouter.h */,
				77CA978D1662BFB3007B7F62 /* BGNCocoaRouter.m */,
				77CA9781166006C5007B7F62 /* BGNPatternVisitor.h */,
				77CA9782166006C5007B7F62 /* BGNPatternVisitor.m */,
				77D4E9FF165DCE6700CA3C65 /* BGNPrelude.h */,
				77D4EA00165DCE6800CA3C65 /* BGNPrelude.m */,
				77D4E9FC16598E4900CA3C65 /* BGNPrimops.h */,
				77D4E9FD16598E4A00CA3C65 /* BGNPrimops.m */,
				77D4E9F91658118500CA3C65 /* BGNExpVisitor.h */,
				77D4E9FA1658118500CA3C65 /* BGNExpVisitor.m */,
				77D4E9CB16508E4700CA3C65 /* BGNTopDeclVisitor.h */,
				77D4E9CC16508E4700CA3C65 /* BGNTopDeclVisitor.m */,
				77D4E9C8164F3DE000CA3C65 /* BGNEnvironment.h */,
				77D4E9C9164F3DE000CA3C65 /* BGNEnvironment.m */,
				77D4E9C5164ED4D000CA3C65 /* BGNValue.h */,
				77D4E9C6164ED4D000CA3C65 /* BGNValue.m */,
				77D11F8D162E25F0008E2A6E /* BGNPrecedenceParser.h */,
				77D11F8E162E25F0008E2A6E /* BGNPrecedenceParser.m */,
				773EC3EC1620B18700DF8624 /* begonia.grammar */,
				773EC3E5161D516500DF8624 /* BGNEndOfLineTokenizerState.h */,
				773EC3E6161D516500DF8624 /* BGNEndOfLineTokenizerState.m */,
				773EC3D0161BECA500DF8624 /* BGNParser.h */,
				773EC3D1161BECA500DF8624 /* BGNParser.m */,
				773EC3D7161BF59C00DF8624 /* BGNParserResult.h */,
				773EC3D8161BF59C00DF8624 /* BGNParserResult.m */,
				773EC3D4161BF53E00DF8624 /* BGNLang.h */,
				773EC3D5161BF53E00DF8624 /* BGNLang.m */,
				773EC38F160F541C00DF8624 /* BGNInterpreter.h */,
				773EC390160F541C00DF8624 /* BGNInterpreter.m */,
				77EE6A98164738880088C1F5 /* BGNModuleManager.h */,
				77EE6A99164738880088C1F5 /* BGNModuleManager.m */,
			);
			name = Lang;
			sourceTree = "<group>";
		};
		778157501698A4F900C797C5 /* MYUtilities */ = {
			isa = PBXGroup;
			children = (
				778157511698A4F900C797C5 /* CollectionUtils.h */,
				778157521698A4F900C797C5 /* CollectionUtils.m */,
				778157531698A4F900C797C5 /* ConcurrentOperation.h */,
				778157541698A4F900C797C5 /* ConcurrentOperation.m */,
				778157551698A4F900C797C5 /* ExceptionUtils.h */,
				778157561698A4F900C797C5 /* ExceptionUtils.m */,
				778157571698A4F900C797C5 /* Logging.h */,
				778157581698A4F900C797C5 /* Logging.m */,
				7781575B1698A4F900C797C5 /* MYDynamicObject.h */,
				7781575C1698A4F900C797C5 /* MYDynamicObject.m */,
				7781575D1698A4F900C797C5 /* MYErrorUtils.h */,
				7781575E1698A4F900C797C5 /* MYErrorUtils.m */,
				7781575F1698A4F900C797C5 /* MYRegexUtils.h */,
				778157601698A4F900C797C5 /* MYRegexUtils.m */,
				778157611698A4F900C797C5 /* MYStreamUtils.h */,
				778157621698A4F900C797C5 /* MYStreamUtils.m */,
				778157651698A4F900C797C5 /* MYURLUtils.h */,
				778157661698A4F900C797C5 /* MYURLUtils.m */,
				778157671698A4F900C797C5 /* MYUtilities.xcconfig */,
				778157681698A4F900C797C5 /* MYUtilities_Debug.xcconfig */,
				778157691698A4F900C797C5 /* MYUtilities_Prefix.pch */,
				7781576A1698A4F900C797C5 /* MYUtilities_Release.xcconfig */,
				7781576B1698A4F900C797C5 /* README.md */,
				7781576C1698A4F900C797C5 /* Target.h */,
				7781576D1698A4F900C797C5 /* Target.m */,
				7781576E1698A4F900C797C5 /* Test.h */,
				7781576F1698A4F900C797C5 /* Test.m */,
				778157701698A4F900C797C5 /* vendor */,
			);
			name = MYUtilities;
			path = Vendor/MYUtilities;
			sourceTree = "<group>";
		};
		778157701698A4F900C797C5 /* vendor */ = {
			isa = PBXGroup;
			children = (
				778157711698A4F900C797C5 /* google-toolbox-for-mac */,
			);
			path = vendor;
			sourceTree = "<group>";
		};
		778157711698A4F900C797C5 /* google-toolbox-for-mac */ = {
			isa = PBXGroup;
			children = (
				778157721698A4F900C797C5 /* GTMDefines.h */,
				778157731698A4F900C797C5 /* GTMNSData+zlib.h */,
				778157741698A4F900C797C5 /* GTMNSData+zlib.m */,
				778157751698A4F900C797C5 /* README */,
			);
			path = "google-toolbox-for-mac";
			sourceTree = "<group>";
		};
		778157851698A50800C797C5 /* BLIP */ = {
			isa = PBXGroup;
			children = (
				778157861698A50800C797C5 /* BLIP Overview.txt */,
				778157871698A50800C797C5 /* BLIP.h */,
				778157891698A50800C797C5 /* BLIP_Internal.h */,
				7781578A1698A50800C797C5 /* BLIPConnection.h */,
				7781578B1698A50800C797C5 /* BLIPConnection.m */,
				7781578C1698A50800C797C5 /* BLIPDispatcher.h */,
				7781578D1698A50800C797C5 /* BLIPDispatcher.m */,
				7781578E1698A50800C797C5 /* BLIPMessage.h */,
				7781578F1698A50800C797C5 /* BLIPMessage.m */,
				778157901698A50800C797C5 /* BLIPProperties.h */,
				778157911698A50800C797C5 /* BLIPProperties.m */,
				778157921698A50800C797C5 /* BLIPReader.h */,
				778157931698A50800C797C5 /* BLIPReader.m */,
				778157941698A50800C797C5 /* BLIPRequest.h */,
				778157951698A50800C797C5 /* BLIPRequest.m */,
				778157971698A50800C797C5 /* BLIPWriter.h */,
				778157981698A50800C797C5 /* BLIPWriter.m */,
			);
			name = BLIP;
			path = Vendor/MYNetwork/BLIP;
			sourceTree = "<group>";
		};
		778157A21698A50800C797C5 /* Bonjour */ = {
			isa = PBXGroup;
			children = (
				778157A31698A50800C797C5 /* MYAddressLookup.h */,
				778157A41698A50800C797C5 /* MYAddressLookup.m */,
				778157A51698A50800C797C5 /* MYBonjourBrowser.h */,
				778157A61698A50800C797C5 /* MYBonjourBrowser.m */,
				778157A71698A50800C797C5 /* MYBonjourQuery.h */,
				778157A81698A50800C797C5 /* MYBonjourQuery.m */,
				778157A91698A50800C797C5 /* MYBonjourRegistration.h */,
				778157AA1698A50800C797C5 /* MYBonjourRegistration.m */,
				778157AB1698A50800C797C5 /* MYBonjourService.h */,
				778157AC1698A50800C797C5 /* MYBonjourService.m */,
			);
			name = Bonjour;
			path = Vendor/MYNetwork/Bonjour;
			sourceTree = "<group>";
		};
		778157AD1698A50800C797C5 /* PortMapper */ = {
			isa = PBXGroup;
			children = (
				778157AE1698A50800C797C5 /* MYDNSService.h */,
				778157AF1698A50800C797C5 /* MYDNSService.m */,
				778157B01698A50800C797C5 /* MYPortMapper.h */,
				778157B11698A50800C797C5 /* MYPortMapper.m */,
				778157B21698A50800C797C5 /* PortMapperTest.m */,
			);
			name = PortMapper;
			path = Vendor/MYNetwork/PortMapper;
			sourceTree = "<group>";
		};
		778157B31698A50800C797C5 /* TCP */ = {
			isa = PBXGroup;
			children = (
				778157B41698A50800C797C5 /* TCP_Internal.h */,
				778157B51698A50800C797C5 /* TCPConnection.h */,
				778157B61698A50800C797C5 /* TCPConnection.m */,
				778157B71698A50800C797C5 /* TCPEndpoint+Certs.m */,
				778157B81698A50800C797C5 /* TCPEndpoint.h */,
				778157B91698A50800C797C5 /* TCPEndpoint.m */,
				778157BA1698A50800C797C5 /* TCPListener.h */,
				778157BB1698A50800C797C5 /* TCPListener.m */,
				778157BC1698A50800C797C5 /* TCPStream.h */,
				778157BD1698A50800C797C5 /* TCPStream.m */,
				778157BE1698A50800C797C5 /* TCPWriter.h */,
				778157BF1698A50800C797C5 /* TCPWriter.m */,
			);
			name = TCP;
			path = Vendor/MYNetwork/TCP;
			sourceTree = "<group>";
		};
		778157D81698A50C00C797C5 /* MYNetwork */ = {
			isa = PBXGroup;
			children = (
				778157DA1698A67F00C797C5 /* IPAddress.h */,
				778157DB1698A67F00C797C5 /* IPAddress.m */,
				778157851698A50800C797C5 /* BLIP */,
				778157A21698A50800C797C5 /* Bonjour */,
				778157AD1698A50800C797C5 /* PortMapper */,
				778157B31698A50800C797C5 /* TCP */,
			);
			name = MYNetwork;
			sourceTree = "<group>";
		};
		778157D91698A51300C797C5 /* Vendor */ = {
			isa = PBXGroup;
			children = (
				77AF99FB166D94C5002CDE61 /* ParseKit */,
				778157D81698A50C00C797C5 /* MYNetwork */,
				778157501698A4F900C797C5 /* MYUtilities */,
			);
			name = Vendor;
			sourceTree = "<group>";
		};
		77AF99FB166D94C5002CDE61 /* ParseKit */ = {
			isa = PBXGroup;
			children = (
				77AF99FC166D956A002CDE61 /* include */,
				77AF99BE166D94C5002CDE61 /* NSArray+ParseKitAdditions.h */,
				77AF99BF166D94C5002CDE61 /* NSArray+ParseKitAdditions.m */,
				77AF99C0166D94C5002CDE61 /* NSString+ParseKitAdditions.h */,
				77AF99C1166D94C5002CDE61 /* NSString+ParseKitAdditions.m */,
				77AF99C2166D94C5002CDE61 /* PKAlternation.m */,
				77AF99C3166D94C5002CDE61 /* PKAny.m */,
				77AF99C4166D94C5002CDE61 /* PKAssembly.m */,
				77AF99C5166D94C5002CDE61 /* PKCaseInsensitiveLiteral.m */,
				77AF99C6166D94C5002CDE61 /* PKChar.m */,
				77AF99C7166D94C5002CDE61 /* PKCharacterAssembly.m */,
				77AF99C8166D94C5002CDE61 /* PKCollectionParser.m */,
				77AF99C9166D94C5002CDE61 /* PKComment.m */,
				77AF99CA166D94C5002CDE61 /* PKCommentState.m */,
				77AF99CB166D94C5002CDE61 /* PKDelimitedString.m */,
				77AF99CC166D94C5002CDE61 /* PKDelimitState.m */,
				77AF99CD166D94C5002CDE61 /* PKDifference.m */,
				77AF99CE166D94C5002CDE61 /* PKDigit.m */,
				77AF99CF166D94C5002CDE61 /* PKEmailState.m */,
				77AF99D0166D94C5002CDE61 /* PKEmpty.m */,
				77AF99D1166D94C5002CDE61 /* PKGrammarParser.h */,
				77AF99D2166D94C5002CDE61 /* PKGrammarParser.m */,
				77AF99D3166D94C5002CDE61 /* PKHashtagState.m */,
				77AF99D4166D94C5002CDE61 /* PKIntersection.m */,
				77AF99D5166D94C5002CDE61 /* PKLetter.m */,
				77AF99D6166D94C5002CDE61 /* PKLiteral.m */,
				77AF99D7166D94C5002CDE61 /* PKLowercaseWord.m */,
				77AF99D8166D94C5002CDE61 /* PKMultiLineCommentState.m */,
				77AF99D9166D94C5002CDE61 /* PKNegation.m */,
				77AF99DA166D94C5002CDE61 /* PKNumber.m */,
				77AF99DB166D94C5002CDE61 /* PKNumberState.m */,
				77AF99DC166D94C5002CDE61 /* PKParser.m */,
				77AF99DD166D94C5002CDE61 /* PKParserFactory.m */,
				77AF99DE166D94C5002CDE61 /* PKPattern.m */,
				77AF99DF166D94C5002CDE61 /* PKQuotedString.m */,
				77AF99E0166D94C5002CDE61 /* PKQuoteState.m */,
				77AF99E1166D94C5002CDE61 /* PKReader.m */,
				77AF99E2166D94C5002CDE61 /* PKRepetition.m */,
				77AF99E3166D94C5002CDE61 /* PKSequence.m */,
				77AF99E4166D94C5002CDE61 /* PKSingleLineCommentState.m */,
				77AF99E5166D94C5002CDE61 /* PKSpecificChar.m */,
				77AF99E6166D94C5002CDE61 /* PKSymbol.m */,
				77AF99E7166D94C5002CDE61 /* PKSymbolNode.m */,
				77AF99E8166D94C5002CDE61 /* PKSymbolRootNode.m */,
				77AF99E9166D94C5002CDE61 /* PKSymbolState.m */,
				77AF99EA166D94C5002CDE61 /* PKTerminal.m */,
				77AF99EB166D94C5002CDE61 /* PKToken.m */,
				77AF99EC166D94C5002CDE61 /* PKTokenArraySource.m */,
				77AF99ED166D94C5002CDE61 /* PKTokenAssembly.m */,
				77AF99EE166D94C5002CDE61 /* PKTokenizer.m */,
				77AF99EF166D94C5002CDE61 /* PKTokenizerState.m */,
				77AF99F0166D94C5002CDE61 /* PKTrack.m */,
				77AF99F1166D94C5002CDE61 /* PKTrackException.m */,
				77AF99F2166D94C5002CDE61 /* PKTwitterState.m */,
				77AF99F3166D94C5002CDE61 /* PKUppercaseWord.m */,
				77AF99F4166D94C5002CDE61 /* PKURLState.m */,
				77AF99F5166D94C5002CDE61 /* PKWhitespace.m */,
				77AF99F6166D94C5002CDE61 /* PKWhitespaceState.m */,
				77AF99F7166D94C5002CDE61 /* PKWord.m */,
				77AF99F8166D94C5002CDE61 /* PKWordState.m */,
				77AF99F9166D94C5002CDE61 /* RegexKitLite.h */,
				77AF99FA166D94C5002CDE61 /* RegexKitLite.m */,
			);
			name = ParseKit;
			path = Vendor/ParseKit/src;
			sourceTree = "<group>";
		};
		77AF99FC166D956A002CDE61 /* include */ = {
			isa = PBXGroup;
			children = (
				77AF99FD166D956A002CDE61 /* ParseKit */,
			);
			name = include;
			path = ../include;
			sourceTree = "<group>";
		};
		77AF99FD166D956A002CDE61 /* ParseKit */ = {
			isa = PBXGroup;
			children = (
				77AF99FE166D956A002CDE61 /* ParseKit.h */,
				77AF99FF166D956A002CDE61 /* PKAlternation.h */,
				77AF9A00166D956A002CDE61 /* PKAny.h */,
				77AF9A01166D956A002CDE61 /* PKAssembly.h */,
				77AF9A02166D956A002CDE61 /* PKCaseInsensitiveLiteral.h */,
				77AF9A03166D956A002CDE61 /* PKChar.h */,
				77AF9A04166D956A002CDE61 /* PKCharacterAssembly.h */,
				77AF9A05166D956A002CDE61 /* PKCollectionParser.h */,
				77AF9A06166D956A002CDE61 /* PKComment.h */,
				77AF9A07166D956A002CDE61 /* PKCommentState.h */,
				77AF9A08166D956A002CDE61 /* PKDelimitedString.h */,
				77AF9A09166D956A002CDE61 /* PKDelimitState.h */,
				77AF9A0A166D956A002CDE61 /* PKDifference.h */,
				77AF9A0B166D956A002CDE61 /* PKDigit.h */,
				77AF9A0C166D956A002CDE61 /* PKEmailState.h */,
				77AF9A0D166D956A002CDE61 /* PKEmpty.h */,
				77AF9A0E166D956A002CDE61 /* PKHashtagState.h */,
				77AF9A0F166D956A002CDE61 /* PKIntersection.h */,
				77AF9A10166D956A002CDE61 /* PKLetter.h */,
				77AF9A11166D956A002CDE61 /* PKLiteral.h */,
				77AF9A12166D956A002CDE61 /* PKLowercaseWord.h */,
				77AF9A13166D956A002CDE61 /* PKMultiLineCommentState.h */,
				77AF9A14166D956A002CDE61 /* PKNegation.h */,
				77AF9A15166D956A002CDE61 /* PKNumber.h */,
				77AF9A16166D956A002CDE61 /* PKNumberState.h */,
				77AF9A17166D956A002CDE61 /* PKParser.h */,
				77AF9A18166D956A002CDE61 /* PKParserFactory.h */,
				77AF9A19166D956A002CDE61 /* PKPattern.h */,
				77AF9A1A166D956A002CDE61 /* PKQuotedString.h */,
				77AF9A1B166D956A002CDE61 /* PKQuoteState.h */,
				77AF9A1C166D956A002CDE61 /* PKReader.h */,
				77AF9A1D166D956A002CDE61 /* PKRepetition.h */,
				77AF9A1E166D956A002CDE61 /* PKSequence.h */,
				77AF9A1F166D956A002CDE61 /* PKSingleLineCommentState.h */,
				77AF9A20166D956A002CDE61 /* PKSpecificChar.h */,
				77AF9A21166D956A002CDE61 /* PKSymbol.h */,
				77AF9A22166D956A002CDE61 /* PKSymbolNode.h */,
				77AF9A23166D956A002CDE61 /* PKSymbolRootNode.h */,
				77AF9A24166D956A002CDE61 /* PKSymbolState.h */,
				77AF9A25166D956A002CDE61 /* PKTerminal.h */,
				77AF9A26166D956A002CDE61 /* PKToken.h */,
				77AF9A27166D956A002CDE61 /* PKTokenArraySource.h */,
				77AF9A28166D956A002CDE61 /* PKTokenAssembly.h */,
				77AF9A29166D956A002CDE61 /* PKTokenizer.h */,
				77AF9A2A166D956A002CDE61 /* PKTokenizerState.h */,
				77AF9A2B166D956A002CDE61 /* PKTrack.h */,
				77AF9A2C166D956A002CDE61 /* PKTrackException.h */,
				77AF9A2D166D956A002CDE61 /* PKTwitterState.h */,
				77AF9A2E166D956A002CDE61 /* PKTypes.h */,
				77AF9A2F166D956A002CDE61 /* PKUppercaseWord.h */,
				77AF9A30166D956A002CDE61 /* PKURLState.h */,
				77AF9A31166D956A002CDE61 /* PKWhitespace.h */,
				77AF9A32166D956A002CDE61 /* PKWhitespaceState.h */,
				77AF9A33166D956A002CDE61 /* PKWord.h */,
				77AF9A34166D956A002CDE61 /* PKWordState.h */,
			);
			path = ParseKit;
			sourceTree = "<group>";
		};
		77BF378816334A20006B5EF4 /* Foundation Additions */ = {
			isa = PBXGroup;
			children = (
				77BF377E1633263A006B5EF4 /* NSObject+BGNConstruction.h */,
				77BF377F1633263A006B5EF4 /* NSObject+BGNConstruction.m */,
				77BF378216332796006B5EF4 /* NSMutableArray+BGNStack.h */,
				77BF378316332796006B5EF4 /* NSMutableArray+BGNStack.m */,
				77BF378516334A1B006B5EF4 /* NSArray+Functional.h */,
				77BF378616334A1B006B5EF4 /* NSArray+Functional.m */,
			);
			name = "Foundation Additions";
			sourceTree = "<group>";
		};
/* End PBXGroup section */

/* Begin PBXNativeTarget section */
		77AF959A166C5B70002CDE61 /* Begonia */ = {
			isa = PBXNativeTarget;
			buildConfigurationList = 77AF95A5166C5B70002CDE61 /* Build configuration list for PBXNativeTarget "Begonia" */;
			buildPhases = (
				77AF9597166C5B70002CDE61 /* Sources */,
				77AF9598166C5B70002CDE61 /* Frameworks */,
				77AF9599166C5B70002CDE61 /* CopyFiles */,
			);
			buildRules = (
			);
			dependencies = (
			);
			name = Begonia;
			productName = Begonia;
			productReference = 77AF959B166C5B70002CDE61 /* libBegonia.a */;
			productType = "com.apple.product-type.library.static";
		};
/* End PBXNativeTarget section */

/* Begin PBXProject section */
		773EC336160EAE8D00DF8624 /* Project object */ = {
			isa = PBXProject;
			attributes = {
				CLASSPREFIX = ADL;
				LastUpgradeCheck = 0450;
				ORGANIZATIONNAME = "Akiva Leffert";
			};
			buildConfigurationList = 773EC339160EAE8D00DF8624 /* Build configuration list for PBXProject "Begonia" */;
			compatibilityVersion = "Xcode 3.2";
			developmentRegion = English;
			hasScannedForEncodings = 0;
			knownRegions = (
				en,
				English,
			);
			mainGroup = 773EC334160EAE8D00DF8624;
			productRefGroup = 773EC340160EAE8D00DF8624 /* Products */;
			projectDirPath = "";
			projectRoot = "";
			targets = (
				77AF959A166C5B70002CDE61 /* Begonia */,
			);
		};
/* End PBXProject section */

/* Begin PBXSourcesBuildPhase section */
		77AF9597166C5B70002CDE61 /* Sources */ = {
			isa = PBXSourcesBuildPhase;
			buildActionMask = 2147483647;
			files = (
				77AF95A8166C5BCC002CDE61 /* BGNPatternVisitor.m in Sources */,
				77AF95AA166C5BCC002CDE61 /* BGNPrimops.m in Sources */,
				77AF95AB166C5BCC002CDE61 /* BGNExpVisitor.m in Sources */,
				77AF95AC166C5BCC002CDE61 /* BGNTopDeclVisitor.m in Sources */,
				77AF95AD166C5BCC002CDE61 /* BGNEnvironment.m in Sources */,
				77AF95AE166C5BCC002CDE61 /* BGNValue.m in Sources */,
				77AF95AF166C5BCC002CDE61 /* BGNPrecedenceParser.m in Sources */,
				77AF95B0166C5BCC002CDE61 /* BGNEndOfLineTokenizerState.m in Sources */,
				77AF95B1166C5BCC002CDE61 /* BGNParser.m in Sources */,
				77AF95B2166C5BCC002CDE61 /* BGNParserResult.m in Sources */,
				77AF95B3166C5BCC002CDE61 /* BGNLang.m in Sources */,
				77AF95B4166C5BCC002CDE61 /* BGNInterpreter.m in Sources */,
				77AF95B5166C5BCC002CDE61 /* BGNModuleManager.m in Sources */,
				7785862C166DA652008BE2C1 /* BGNCocoaRouter.m in Sources */,
				7785862E166DA673008BE2C1 /* BGNPrelude.m in Sources */,
				7785862F166DA6B0008BE2C1 /* PKSpecificChar.m in Sources */,
				77858630166DA6B0008BE2C1 /* PKSymbol.m in Sources */,
				77858631166DA6B0008BE2C1 /* PKSymbolNode.m in Sources */,
				77858632166DA6B0008BE2C1 /* PKSymbolRootNode.m in Sources */,
				77858633166DA6B0008BE2C1 /* PKSymbolState.m in Sources */,
				77858634166DA6B0008BE2C1 /* PKTerminal.m in Sources */,
				77858635166DA6B0008BE2C1 /* PKToken.m in Sources */,
				77858636166DA6B0008BE2C1 /* PKTokenArraySource.m in Sources */,
				77858637166DA6B0008BE2C1 /* PKTokenAssembly.m in Sources */,
				77858638166DA6B0008BE2C1 /* PKTokenizer.m in Sources */,
				77858639166DA6B0008BE2C1 /* PKTokenizerState.m in Sources */,
				7785863A166DA6B0008BE2C1 /* PKTrack.m in Sources */,
				7785863B166DA6B0008BE2C1 /* PKTrackException.m in Sources */,
				7785863C166DA6B0008BE2C1 /* PKTwitterState.m in Sources */,
				7785863D166DA6B0008BE2C1 /* PKUppercaseWord.m in Sources */,
				7785863E166DA6B0008BE2C1 /* PKURLState.m in Sources */,
				7785863F166DA6B0008BE2C1 /* PKWhitespace.m in Sources */,
				77858640166DA6B0008BE2C1 /* PKWhitespaceState.m in Sources */,
				77858641166DA6B0008BE2C1 /* PKWord.m in Sources */,
				77858642166DA6B0008BE2C1 /* PKWordState.m in Sources */,
				77858643166DA6B2008BE2C1 /* RegexKitLite.m in Sources */,
				77858644166DA6C9008BE2C1 /* NSString+ParseKitAdditions.m in Sources */,
				77858645166DA6C9008BE2C1 /* PKAlternation.m in Sources */,
				77858646166DA6C9008BE2C1 /* PKAny.m in Sources */,
				77858647166DA6C9008BE2C1 /* PKAssembly.m in Sources */,
				77858648166DA6C9008BE2C1 /* PKCaseInsensitiveLiteral.m in Sources */,
				77858649166DA6C9008BE2C1 /* PKChar.m in Sources */,
				7785864A166DA6C9008BE2C1 /* PKCharacterAssembly.m in Sources */,
				7785864B166DA6C9008BE2C1 /* PKCollectionParser.m in Sources */,
				7785864C166DA6C9008BE2C1 /* PKComment.m in Sources */,
				7785864D166DA6C9008BE2C1 /* PKCommentState.m in Sources */,
				7785864E166DA6C9008BE2C1 /* PKDelimitedString.m in Sources */,
				7785864F166DA6C9008BE2C1 /* PKDelimitState.m in Sources */,
				77858650166DA6C9008BE2C1 /* PKDifference.m in Sources */,
				77858651166DA6C9008BE2C1 /* PKDigit.m in Sources */,
				77858652166DA6C9008BE2C1 /* PKEmailState.m in Sources */,
				77858653166DA6C9008BE2C1 /* PKEmpty.m in Sources */,
				77858654166DA6C9008BE2C1 /* PKGrammarParser.m in Sources */,
				77858655166DA6C9008BE2C1 /* PKHashtagState.m in Sources */,
				77858656166DA6C9008BE2C1 /* PKIntersection.m in Sources */,
				77858657166DA6C9008BE2C1 /* PKLetter.m in Sources */,
				77858658166DA6C9008BE2C1 /* PKLiteral.m in Sources */,
				77858659166DA6C9008BE2C1 /* PKLowercaseWord.m in Sources */,
				7785865A166DA6C9008BE2C1 /* PKMultiLineCommentState.m in Sources */,
				7785865B166DA6C9008BE2C1 /* PKNegation.m in Sources */,
				7785865C166DA6C9008BE2C1 /* PKNumber.m in Sources */,
				7785865D166DA6C9008BE2C1 /* PKNumberState.m in Sources */,
				7785865E166DA6C9008BE2C1 /* PKParser.m in Sources */,
				7785865F166DA6C9008BE2C1 /* PKParserFactory.m in Sources */,
				77858660166DA6C9008BE2C1 /* PKPattern.m in Sources */,
				77858661166DA6C9008BE2C1 /* PKQuotedString.m in Sources */,
				77858662166DA6C9008BE2C1 /* PKQuoteState.m in Sources */,
				77858663166DA6C9008BE2C1 /* PKReader.m in Sources */,
				77858664166DA6C9008BE2C1 /* PKRepetition.m in Sources */,
				77858665166DA6C9008BE2C1 /* PKSequence.m in Sources */,
				77858666166DA6C9008BE2C1 /* PKSingleLineCommentState.m in Sources */,
				77858667166DA6CC008BE2C1 /* NSArray+ParseKitAdditions.m in Sources */,
				77AFB781166DA89A001C4EE5 /* NSObject+BGNConstruction.m in Sources */,
				77AFB783166DA89D001C4EE5 /* NSMutableArray+BGNStack.m in Sources */,
				77AFB784166DA8A1001C4EE5 /* NSArray+Functional.m in Sources */,
				778157761698A4F900C797C5 /* CollectionUtils.m in Sources */,
				778157771698A4F900C797C5 /* ConcurrentOperation.m in Sources */,
				778157781698A4F900C797C5 /* ExceptionUtils.m in Sources */,
				778157791698A4F900C797C5 /* Logging.m in Sources */,
				7781577B1698A4F900C797C5 /* MYDynamicObject.m in Sources */,
				7781577C1698A4F900C797C5 /* MYErrorUtils.m in Sources */,
				7781577D1698A4F900C797C5 /* MYRegexUtils.m in Sources */,
				7781577E1698A4F900C797C5 /* MYStreamUtils.m in Sources */,
				778157801698A4F900C797C5 /* MYURLUtils.m in Sources */,
				778157811698A4F900C797C5 /* Target.m in Sources */,
				778157821698A4F900C797C5 /* Test.m in Sources */,
				778157831698A4F900C797C5 /* GTMNSData+zlib.m in Sources */,
				778157C01698A50800C797C5 /* BLIPConnection.m in Sources */,
				778157C11698A50800C797C5 /* BLIPDispatcher.m in Sources */,
				778157C21698A50800C797C5 /* BLIPMessage.m in Sources */,
				778157C31698A50800C797C5 /* BLIPProperties.m in Sources */,
				778157C41698A50800C797C5 /* BLIPReader.m in Sources */,
				778157C51698A50800C797C5 /* BLIPRequest.m in Sources */,
				778157C71698A50800C797C5 /* BLIPWriter.m in Sources */,
				778157CA1698A50800C797C5 /* MYAddressLookup.m in Sources */,
				778157CB1698A50800C797C5 /* MYBonjourBrowser.m in Sources */,
				778157CC1698A50800C797C5 /* MYBonjourQuery.m in Sources */,
				778157CD1698A50800C797C5 /* MYBonjourRegistration.m in Sources */,
				778157CE1698A50800C797C5 /* MYBonjourService.m in Sources */,
				778157CF1698A50800C797C5 /* MYDNSService.m in Sources */,
				778157D01698A50800C797C5 /* MYPortMapper.m in Sources */,
				778157D11698A50800C797C5 /* PortMapperTest.m in Sources */,
				778157D21698A50800C797C5 /* TCPConnection.m in Sources */,
				778157D31698A50800C797C5 /* TCPEndpoint+Certs.m in Sources */,
				778157D41698A50800C797C5 /* TCPEndpoint.m in Sources */,
				778157D51698A50800C797C5 /* TCPListener.m in Sources */,
				778157D61698A50800C797C5 /* TCPStream.m in Sources */,
				778157D71698A50800C797C5 /* TCPWriter.m in Sources */,
				778157DC1698A67F00C797C5 /* IPAddress.m in Sources */,
			);
			runOnlyForDeploymentPostprocessing = 0;
		};
/* End PBXSourcesBuildPhase section */

/* Begin PBXVariantGroup section */
		773EC358160EAE8D00DF8624 /* MainMenu.xib */ = {
			isa = PBXVariantGroup;
			children = (
				773EC359160EAE8D00DF8624 /* en */,
			);
			name = MainMenu.xib;
			sourceTree = "<group>";
		};
/* End PBXVariantGroup section */

/* Begin XCBuildConfiguration section */
		773EC35B160EAE8D00DF8624 /* Debug */ = {
			isa = XCBuildConfiguration;
			buildSettings = {
				ALWAYS_SEARCH_USER_PATHS = NO;
				ARCHS = "$(ARCHS_STANDARD_32_BIT)";
				CLANG_CXX_LANGUAGE_STANDARD = "gnu++0x";
				CLANG_CXX_LIBRARY = "libc++";
				CLANG_ENABLE_OBJC_ARC = YES;
				CLANG_WARN_EMPTY_BODY = YES;
				CLANG_WARN__DUPLICATE_METHOD_MATCH = YES;
				COPY_PHASE_STRIP = NO;
				GCC_C_LANGUAGE_STANDARD = gnu99;
				GCC_DYNAMIC_NO_PIC = NO;
				GCC_ENABLE_OBJC_EXCEPTIONS = YES;
				GCC_OPTIMIZATION_LEVEL = 0;
				GCC_PREPROCESSOR_DEFINITIONS = (
					"DEBUG=1",
					"$(inherited)",
				);
				GCC_SYMBOLS_PRIVATE_EXTERN = NO;
				GCC_WARN_64_TO_32_BIT_CONVERSION = YES;
				GCC_WARN_ABOUT_RETURN_TYPE = YES;
				GCC_WARN_UNINITIALIZED_AUTOS = YES;
				GCC_WARN_UNUSED_VARIABLE = YES;
				MACOSX_DEPLOYMENT_TARGET = 10.8;
				ONLY_ACTIVE_ARCH = YES;
				SDKROOT = iphoneos6.0;
			};
			name = Debug;
		};
		773EC35C160EAE8D00DF8624 /* Release */ = {
			isa = XCBuildConfiguration;
			buildSettings = {
				ALWAYS_SEARCH_USER_PATHS = NO;
				ARCHS = "$(ARCHS_STANDARD_32_BIT)";
				CLANG_CXX_LANGUAGE_STANDARD = "gnu++0x";
				CLANG_CXX_LIBRARY = "libc++";
				CLANG_ENABLE_OBJC_ARC = YES;
				CLANG_WARN_EMPTY_BODY = YES;
				CLANG_WARN__DUPLICATE_METHOD_MATCH = YES;
				COPY_PHASE_STRIP = YES;
				DEBUG_INFORMATION_FORMAT = "dwarf-with-dsym";
				GCC_C_LANGUAGE_STANDARD = gnu99;
				GCC_ENABLE_OBJC_EXCEPTIONS = YES;
				GCC_WARN_64_TO_32_BIT_CONVERSION = YES;
				GCC_WARN_ABOUT_RETURN_TYPE = YES;
				GCC_WARN_UNINITIALIZED_AUTOS = YES;
				GCC_WARN_UNUSED_VARIABLE = YES;
				MACOSX_DEPLOYMENT_TARGET = 10.8;
				SDKROOT = iphoneos6.0;
			};
			name = Release;
		};
		77AF95A6166C5B70002CDE61 /* Debug */ = {
			isa = XCBuildConfiguration;
			buildSettings = {
				DSTROOT = /tmp/Begonia.dst;
				FRAMEWORK_SEARCH_PATHS = (
					"$(inherited)",
					"\"$(SRCROOT)/Vendor/ParseKit/frameworks\"",
				);
				GCC_PRECOMPILE_PREFIX_HEADER = YES;
				GCC_PREFIX_HEADER = "Begonia/Begonia-Prefix.pch";
				HEADER_SEARCH_PATHS = "$(SRCROOT)/Vendor/ParseKit/include/";
				IPHONEOS_DEPLOYMENT_TARGET = 6.0;
				OTHER_LDFLAGS = "-ObjC";
				PRODUCT_NAME = "$(TARGET_NAME)";
				SDKROOT = iphoneos;
				SKIP_INSTALL = YES;
			};
			name = Debug;
		};
		77AF95A7166C5B70002CDE61 /* Release */ = {
			isa = XCBuildConfiguration;
			buildSettings = {
				DSTROOT = /tmp/Begonia.dst;
				FRAMEWORK_SEARCH_PATHS = (
					"$(inherited)",
					"\"$(SRCROOT)/Vendor/ParseKit/frameworks\"",
				);
				GCC_PRECOMPILE_PREFIX_HEADER = YES;
				GCC_PREFIX_HEADER = "Begonia/Begonia-Prefix.pch";
				HEADER_SEARCH_PATHS = "$(SRCROOT)/Vendor/ParseKit/include/";
				IPHONEOS_DEPLOYMENT_TARGET = 6.0;
				OTHER_LDFLAGS = "-ObjC";
				PRODUCT_NAME = "$(TARGET_NAME)";
				SDKROOT = iphoneos;
				SKIP_INSTALL = YES;
				VALIDATE_PRODUCT = YES;
			};
			name = Release;
		};
/* End XCBuildConfiguration section */

/* Begin XCConfigurationList section */
		773EC339160EAE8D00DF8624 /* Build configuration list for PBXProject "Begonia" */ = {
			isa = XCConfigurationList;
			buildConfigurations = (
				773EC35B160EAE8D00DF8624 /* Debug */,
				773EC35C160EAE8D00DF8624 /* Release */,
			);
			defaultConfigurationIsVisible = 0;
			defaultConfigurationName = Release;
		};
		77AF95A5166C5B70002CDE61 /* Build configuration list for PBXNativeTarget "Begonia" */ = {
			isa = XCConfigurationList;
			buildConfigurations = (
				77AF95A6166C5B70002CDE61 /* Debug */,
				77AF95A7166C5B70002CDE61 /* Release */,
			);
			defaultConfigurationIsVisible = 0;
			defaultConfigurationName = Release;
		};
/* End XCConfigurationList section */
	};
	rootObject = 773EC336160EAE8D00DF8624 /* Project object */;
}
